
Microsoft Visual Studio Solution File, Format Version 12.00
# Visual Studio 2012
Project("{2150E333-8FDC-42A3-9474-1A3956D46DE8}") = "Clients", "Clients", "{B72CE946-C674-48E1-834B-DE86D9BD32F8}"
EndProject
Project("{2150E333-8FDC-42A3-9474-1A3956D46DE8}") = "Hosts", "Hosts", "{01E0DF5A-E50C-461B-9B00-22ACACD17490}"
EndProject
Project("{FAE04EC0-301F-11D3-BF4B-00C04F79EFBC}") = "Client.Sl5", "Client.Sl5\Client.Sl5.csproj", "{1799FA3D-FE15-402D-BF78-CA42186F53A7}"
EndProject
Project("{FAE04EC0-301F-11D3-BF4B-00C04F79EFBC}") = "Client.Sl5.Web", "Client.Sl5.Web\Client.Sl5.Web.csproj", "{0237369D-23AB-4E37-B176-74EB5DA669E9}"
EndProject
Project("{FAE04EC0-301F-11D3-BF4B-00C04F79EFBC}") = "Client.WinStore.Pcl", "Client.WinStore.Pcl\Client.WinStore.Pcl.csproj", "{0A2C4B1C-1028-4A17-90EC-9E066DA88629}"
EndProject
Project("{FAE04EC0-301F-11D3-BF4B-00C04F79EFBC}") = "Client.Wpf.Pcl", "Client.Wpf.Pcl\Client.Wpf.Pcl.csproj", "{1D646653-7F89-4FBF-9CD1-10B74C1D0D47}"
EndProject
Project("{FAE04EC0-301F-11D3-BF4B-00C04F79EFBC}") = "Client.Android.Pcl", "Client.Android.Pcl\Client.Android.Pcl.csproj", "{92C76089-F2B9-4F8F-9A99-775179C08A85}"
EndProject
Project("{FAE04EC0-301F-11D3-BF4B-00C04F79EFBC}") = "Server.HttpListener", "Server.HttpListener\Server.HttpListener.csproj", "{4EDC963F-96C7-4FD9-ACD7-0D33D122FBFD}"
EndProject
Project("{FAE04EC0-301F-11D3-BF4B-00C04F79EFBC}") = "Server.AspNet", "Server.AspNet\Server.AspNet.csproj", "{57C873C6-341C-4EEE-8C6B-CCEAD0F5D0D3}"
EndProject
Project("{FAE04EC0-301F-11D3-BF4B-00C04F79EFBC}") = "ServiceModel", "ServiceModel\ServiceModel.csproj", "{AAA629ED-E575-4308-9F3D-A851A16748C1}"
EndProject
Project("{FAE04EC0-301F-11D3-BF4B-00C04F79EFBC}") = "ServiceStack.Client.PCL", "..\..\ServiceStack\src\ServiceStack.Client\ServiceStack.Client.PCL.csproj", "{135808A7-CE69-4C32-BE30-25A8FFBF4A58}"
EndProject
Project("{FAE04EC0-301F-11D3-BF4B-00C04F79EFBC}") = "ServiceStack.Interfaces", "..\..\ServiceStack\src\ServiceStack.Interfaces\ServiceStack.Interfaces.csproj", "{55942102-033A-4DA8-A6AF-1DB7B2F34A2D}"
EndProject
Project("{FAE04EC0-301F-11D3-BF4B-00C04F79EFBC}") = "ServiceStack.Text.PCL", "..\..\ServiceStack.Text\src\ServiceStack.Text\ServiceStack.Text.PCL.csproj", "{579B3FDB-CDAD-44E1-8417-885C38E49A0E}"
EndProject
Project("{FAE04EC0-301F-11D3-BF4B-00C04F79EFBC}") = "ServiceStack.Pcl.WinStore", "..\..\ServiceStack\src\ServiceStack.Pcl.WinStore\ServiceStack.Pcl.WinStore.csproj", "{3F246BD3-8D56-43AC-84AD-681371A9D6A9}"
EndProject
Global
	GlobalSection(SolutionConfigurationPlatforms) = preSolution
		Debug|Any CPU = Debug|Any CPU
		Debug|ARM = Debug|ARM
		Debug|x64 = Debug|x64
		Debug|x86 = Debug|x86
		Release|Any CPU = Release|Any CPU
		Release|ARM = Release|ARM
		Release|x64 = Release|x64
		Release|x86 = Release|x86
	EndGlobalSection
	GlobalSection(ProjectConfigurationPlatforms) = postSolution
		{1799FA3D-FE15-402D-BF78-CA42186F53A7}.Debug|Any CPU.ActiveCfg = Debug|Any CPU
		{1799FA3D-FE15-402D-BF78-CA42186F53A7}.Debug|Any CPU.Build.0 = Debug|Any CPU
		{1799FA3D-FE15-402D-BF78-CA42186F53A7}.Debug|ARM.ActiveCfg = Debug|Any CPU
		{1799FA3D-FE15-402D-BF78-CA42186F53A7}.Debug|x64.ActiveCfg = Debug|Any CPU
		{1799FA3D-FE15-402D-BF78-CA42186F53A7}.Debug|x86.ActiveCfg = Debug|Any CPU
		{1799FA3D-FE15-402D-BF78-CA42186F53A7}.Release|Any CPU.ActiveCfg = Release|Any CPU
		{1799FA3D-FE15-402D-BF78-CA42186F53A7}.Release|Any CPU.Build.0 = Release|Any CPU
		{1799FA3D-FE15-402D-BF78-CA42186F53A7}.Release|ARM.ActiveCfg = Release|Any CPU
		{1799FA3D-FE15-402D-BF78-CA42186F53A7}.Release|x64.ActiveCfg = Release|Any CPU
		{1799FA3D-FE15-402D-BF78-CA42186F53A7}.Release|x86.ActiveCfg = Release|Any CPU
		{0237369D-23AB-4E37-B176-74EB5DA669E9}.Debug|Any CPU.ActiveCfg = Debug|Any CPU
		{0237369D-23AB-4E37-B176-74EB5DA669E9}.Debug|Any CPU.Build.0 = Debug|Any CPU
		{0237369D-23AB-4E37-B176-74EB5DA669E9}.Debug|ARM.ActiveCfg = Debug|Any CPU
		{0237369D-23AB-4E37-B176-74EB5DA669E9}.Debug|x64.ActiveCfg = Debug|Any CPU
		{0237369D-23AB-4E37-B176-74EB5DA669E9}.Debug|x86.ActiveCfg = Debug|Any CPU
		{0237369D-23AB-4E37-B176-74EB5DA669E9}.Release|Any CPU.ActiveCfg = Release|Any CPU
		{0237369D-23AB-4E37-B176-74EB5DA669E9}.Release|Any CPU.Build.0 = Release|Any CPU
		{0237369D-23AB-4E37-B176-74EB5DA669E9}.Release|ARM.ActiveCfg = Release|Any CPU
		{0237369D-23AB-4E37-B176-74EB5DA669E9}.Release|x64.ActiveCfg = Release|Any CPU
		{0237369D-23AB-4E37-B176-74EB5DA669E9}.Release|x86.ActiveCfg = Release|Any CPU
		{0A2C4B1C-1028-4A17-90EC-9E066DA88629}.Debug|Any CPU.ActiveCfg = Debug|Any CPU
		{0A2C4B1C-1028-4A17-90EC-9E066DA88629}.Debug|Any CPU.Build.0 = Debug|Any CPU
		{0A2C4B1C-1028-4A17-90EC-9E066DA88629}.Debug|Any CPU.Deploy.0 = Debug|Any CPU
		{0A2C4B1C-1028-4A17-90EC-9E066DA88629}.Debug|ARM.ActiveCfg = Debug|ARM
		{0A2C4B1C-1028-4A17-90EC-9E066DA88629}.Debug|ARM.Build.0 = Debug|ARM
		{0A2C4B1C-1028-4A17-90EC-9E066DA88629}.Debug|ARM.Deploy.0 = Debug|ARM
		{0A2C4B1C-1028-4A17-90EC-9E066DA88629}.Debug|x64.ActiveCfg = Debug|x64
		{0A2C4B1C-1028-4A17-90EC-9E066DA88629}.Debug|x64.Build.0 = Debug|x64
		{0A2C4B1C-1028-4A17-90EC-9E066DA88629}.Debug|x64.Deploy.0 = Debug|x64
		{0A2C4B1C-1028-4A17-90EC-9E066DA88629}.Debug|x86.ActiveCfg = Debug|x86
		{0A2C4B1C-1028-4A17-90EC-9E066DA88629}.Debug|x86.Build.0 = Debug|x86
		{0A2C4B1C-1028-4A17-90EC-9E066DA88629}.Debug|x86.Deploy.0 = Debug|x86
		{0A2C4B1C-1028-4A17-90EC-9E066DA88629}.Release|Any CPU.ActiveCfg = Release|Any CPU
		{0A2C4B1C-1028-4A17-90EC-9E066DA88629}.Release|Any CPU.Build.0 = Release|Any CPU
		{0A2C4B1C-1028-4A17-90EC-9E066DA88629}.Release|Any CPU.Deploy.0 = Release|Any CPU
		{0A2C4B1C-1028-4A17-90EC-9E066DA88629}.Release|ARM.ActiveCfg = Release|ARM
		{0A2C4B1C-1028-4A17-90EC-9E066DA88629}.Release|ARM.Build.0 = Release|ARM
		{0A2C4B1C-1028-4A17-90EC-9E066DA88629}.Release|ARM.Deploy.0 = Release|ARM
		{0A2C4B1C-1028-4A17-90EC-9E066DA88629}.Release|x64.ActiveCfg = Release|x64
		{0A2C4B1C-1028-4A17-90EC-9E066DA88629}.Release|x64.Build.0 = Release|x64
		{0A2C4B1C-1028-4A17-90EC-9E066DA88629}.Release|x64.Deploy.0 = Release|x64
		{0A2C4B1C-1028-4A17-90EC-9E066DA88629}.Release|x86.ActiveCfg = Release|x86
		{0A2C4B1C-1028-4A17-90EC-9E066DA88629}.Release|x86.Build.0 = Release|x86
		{0A2C4B1C-1028-4A17-90EC-9E066DA88629}.Release|x86.Deploy.0 = Release|x86
		{1D646653-7F89-4FBF-9CD1-10B74C1D0D47}.Debug|Any CPU.ActiveCfg = Debug|Any CPU
		{1D646653-7F89-4FBF-9CD1-10B74C1D0D47}.Debug|Any CPU.Build.0 = Debug|Any CPU
		{1D646653-7F89-4FBF-9CD1-10B74C1D0D47}.Debug|ARM.ActiveCfg = Debug|Any CPU
		{1D646653-7F89-4FBF-9CD1-10B74C1D0D47}.Debug|x64.ActiveCfg = Debug|Any CPU
		{1D646653-7F89-4FBF-9CD1-10B74C1D0D47}.Debug|x86.ActiveCfg = Debug|Any CPU
		{1D646653-7F89-4FBF-9CD1-10B74C1D0D47}.Release|Any CPU.ActiveCfg = Release|Any CPU
		{1D646653-7F89-4FBF-9CD1-10B74C1D0D47}.Release|Any CPU.Build.0 = Release|Any CPU
		{1D646653-7F89-4FBF-9CD1-10B74C1D0D47}.Release|ARM.ActiveCfg = Release|Any CPU
		{1D646653-7F89-4FBF-9CD1-10B74C1D0D47}.Release|x64.ActiveCfg = Release|Any CPU
		{1D646653-7F89-4FBF-9CD1-10B74C1D0D47}.Release|x86.ActiveCfg = Release|Any CPU
		{92C76089-F2B9-4F8F-9A99-775179C08A85}.Debug|Any CPU.ActiveCfg = Debug|Any CPU
		{92C76089-F2B9-4F8F-9A99-775179C08A85}.Debug|Any CPU.Build.0 = Debug|Any CPU
		{92C76089-F2B9-4F8F-9A99-775179C08A85}.Debug|Any CPU.Deploy.0 = Debug|Any CPU
		{92C76089-F2B9-4F8F-9A99-775179C08A85}.Debug|ARM.ActiveCfg = Debug|Any CPU
		{92C76089-F2B9-4F8F-9A99-775179C08A85}.Debug|x64.ActiveCfg = Debug|Any CPU
		{92C76089-F2B9-4F8F-9A99-775179C08A85}.Debug|x86.ActiveCfg = Debug|Any CPU
		{92C76089-F2B9-4F8F-9A99-775179C08A85}.Release|Any CPU.ActiveCfg = Release|Any CPU
		{92C76089-F2B9-4F8F-9A99-775179C08A85}.Release|Any CPU.Build.0 = Release|Any CPU
		{92C76089-F2B9-4F8F-9A99-775179C08A85}.Release|Any CPU.Deploy.0 = Release|Any CPU
		{92C76089-F2B9-4F8F-9A99-775179C08A85}.Release|ARM.ActiveCfg = Release|Any CPU
		{92C76089-F2B9-4F8F-9A99-775179C08A85}.Release|x64.ActiveCfg = Release|Any CPU
		{92C76089-F2B9-4F8F-9A99-775179C08A85}.Release|x86.ActiveCfg = Release|Any CPU
		{4EDC963F-96C7-4FD9-ACD7-0D33D122FBFD}.Debug|Any CPU.ActiveCfg = Debug|Any CPU
		{4EDC963F-96C7-4FD9-ACD7-0D33D122FBFD}.Debug|Any CPU.Build.0 = Debug|Any CPU
		{4EDC963F-96C7-4FD9-ACD7-0D33D122FBFD}.Debug|ARM.ActiveCfg = Debug|Any CPU
		{4EDC963F-96C7-4FD9-ACD7-0D33D122FBFD}.Debug|x64.ActiveCfg = Debug|Any CPU
		{4EDC963F-96C7-4FD9-ACD7-0D33D122FBFD}.Debug|x86.ActiveCfg = Debug|Any CPU
		{4EDC963F-96C7-4FD9-ACD7-0D33D122FBFD}.Release|Any CPU.ActiveCfg = Release|Any CPU
		{4EDC963F-96C7-4FD9-ACD7-0D33D122FBFD}.Release|Any CPU.Build.0 = Release|Any CPU
		{4EDC963F-96C7-4FD9-ACD7-0D33D122FBFD}.Release|ARM.ActiveCfg = Release|Any CPU
		{4EDC963F-96C7-4FD9-ACD7-0D33D122FBFD}.Release|x64.ActiveCfg = Release|Any CPU
		{4EDC963F-96C7-4FD9-ACD7-0D33D122FBFD}.Release|x86.ActiveCfg = Release|Any CPU
		{57C873C6-341C-4EEE-8C6B-CCEAD0F5D0D3}.Debug|Any CPU.ActiveCfg = Debug|Any CPU
		{57C873C6-341C-4EEE-8C6B-CCEAD0F5D0D3}.Debug|Any CPU.Build.0 = Debug|Any CPU
		{57C873C6-341C-4EEE-8C6B-CCEAD0F5D0D3}.Debug|ARM.ActiveCfg = Debug|Any CPU
		{57C873C6-341C-4EEE-8C6B-CCEAD0F5D0D3}.Debug|x64.ActiveCfg = Debug|Any CPU
		{57C873C6-341C-4EEE-8C6B-CCEAD0F5D0D3}.Debug|x86.ActiveCfg = Debug|Any CPU
		{57C873C6-341C-4EEE-8C6B-CCEAD0F5D0D3}.Release|Any CPU.ActiveCfg = Release|Any CPU
		{57C873C6-341C-4EEE-8C6B-CCEAD0F5D0D3}.Release|Any CPU.Build.0 = Release|Any CPU
		{57C873C6-341C-4EEE-8C6B-CCEAD0F5D0D3}.Release|ARM.ActiveCfg = Release|Any CPU
		{57C873C6-341C-4EEE-8C6B-CCEAD0F5D0D3}.Release|x64.ActiveCfg = Release|Any CPU
		{57C873C6-341C-4EEE-8C6B-CCEAD0F5D0D3}.Release|x86.ActiveCfg = Release|Any CPU
		{AAA629ED-E575-4308-9F3D-A851A16748C1}.Debug|Any CPU.ActiveCfg = Debug|Any CPU
		{AAA629ED-E575-4308-9F3D-A851A16748C1}.Debug|Any CPU.Build.0 = Debug|Any CPU
		{AAA629ED-E575-4308-9F3D-A851A16748C1}.Debug|ARM.ActiveCfg = Debug|Any CPU
		{AAA629ED-E575-4308-9F3D-A851A16748C1}.Debug|x64.ActiveCfg = Debug|Any CPU
		{AAA629ED-E575-4308-9F3D-A851A16748C1}.Debug|x86.ActiveCfg = Debug|Any CPU
		{AAA629ED-E575-4308-9F3D-A851A16748C1}.Release|Any CPU.ActiveCfg = Release|Any CPU
		{AAA629ED-E575-4308-9F3D-A851A16748C1}.Release|Any CPU.Build.0 = Release|Any CPU
		{AAA629ED-E575-4308-9F3D-A851A16748C1}.Release|ARM.ActiveCfg = Release|Any CPU
		{AAA629ED-E575-4308-9F3D-A851A16748C1}.Release|x64.ActiveCfg = Release|Any CPU
		{AAA629ED-E575-4308-9F3D-A851A16748C1}.Release|x86.ActiveCfg = Release|Any CPU
		{135808A7-CE69-4C32-BE30-25A8FFBF4A58}.Debug|Any CPU.ActiveCfg = Debug|Any CPU
		{135808A7-CE69-4C32-BE30-25A8FFBF4A58}.Debug|Any CPU.Build.0 = Debug|Any CPU
		{135808A7-CE69-4C32-BE30-25A8FFBF4A58}.Debug|ARM.ActiveCfg = Debug|Any CPU
		{135808A7-CE69-4C32-BE30-25A8FFBF4A58}.Debug|x64.ActiveCfg = Debug|Any CPU
		{135808A7-CE69-4C32-BE30-25A8FFBF4A58}.Debug|x86.ActiveCfg = Debug|Any CPU
		{135808A7-CE69-4C32-BE30-25A8FFBF4A58}.Release|Any CPU.ActiveCfg = Release|Any CPU
		{135808A7-CE69-4C32-BE30-25A8FFBF4A58}.Release|Any CPU.Build.0 = Release|Any CPU
		{135808A7-CE69-4C32-BE30-25A8FFBF4A58}.Release|ARM.ActiveCfg = Release|Any CPU
		{135808A7-CE69-4C32-BE30-25A8FFBF4A58}.Release|x64.ActiveCfg = Release|Any CPU
		{135808A7-CE69-4C32-BE30-25A8FFBF4A58}.Release|x86.ActiveCfg = Release|Any CPU
		{55942102-033A-4DA8-A6AF-1DB7B2F34A2D}.Debug|Any CPU.ActiveCfg = Debug|Any CPU
		{55942102-033A-4DA8-A6AF-1DB7B2F34A2D}.Debug|Any CPU.Build.0 = Debug|Any CPU
		{55942102-033A-4DA8-A6AF-1DB7B2F34A2D}.Debug|ARM.ActiveCfg = Debug|Any CPU
		{55942102-033A-4DA8-A6AF-1DB7B2F34A2D}.Debug|x64.ActiveCfg = Debug|Any CPU
		{55942102-033A-4DA8-A6AF-1DB7B2F34A2D}.Debug|x86.ActiveCfg = Debug|Any CPU
		{55942102-033A-4DA8-A6AF-1DB7B2F34A2D}.Release|Any CPU.ActiveCfg = Release|Any CPU
		{55942102-033A-4DA8-A6AF-1DB7B2F34A2D}.Release|Any CPU.Build.0 = Release|Any CPU
		{55942102-033A-4DA8-A6AF-1DB7B2F34A2D}.Release|ARM.ActiveCfg = Release|Any CPU
		{55942102-033A-4DA8-A6AF-1DB7B2F34A2D}.Release|x64.ActiveCfg = Release|Any CPU
		{55942102-033A-4DA8-A6AF-1DB7B2F34A2D}.Release|x86.ActiveCfg = Release|Any CPU
		{579B3FDB-CDAD-44E1-8417-885C38E49A0E}.Debug|Any CPU.ActiveCfg = Debug|Any CPU
		{579B3FDB-CDAD-44E1-8417-885C38E49A0E}.Debug|Any CPU.Build.0 = Debug|Any CPU
		{579B3FDB-CDAD-44E1-8417-885C38E49A0E}.Debug|ARM.ActiveCfg = Debug|Any CPU
		{579B3FDB-CDAD-44E1-8417-885C38E49A0E}.Debug|x64.ActiveCfg = Debug|Any CPU
		{579B3FDB-CDAD-44E1-8417-885C38E49A0E}.Debug|x86.ActiveCfg = Debug|Any CPU
		{579B3FDB-CDAD-44E1-8417-885C38E49A0E}.Release|Any CPU.ActiveCfg = Release|Any CPU
		{579B3FDB-CDAD-44E1-8417-885C38E49A0E}.Release|Any CPU.Build.0 = Release|Any CPU
		{579B3FDB-CDAD-44E1-8417-885C38E49A0E}.Release|ARM.ActiveCfg = Release|Any CPU
		{579B3FDB-CDAD-44E1-8417-885C38E49A0E}.Release|x64.ActiveCfg = Release|Any CPU
		{579B3FDB-CDAD-44E1-8417-885C38E49A0E}.Release|x86.ActiveCfg = Release|Any CPU
		{3F246BD3-8D56-43AC-84AD-681371A9D6A9}.Debug|Any CPU.ActiveCfg = Debug|Any CPU
		{3F246BD3-8D56-43AC-84AD-681371A9D6A9}.Debug|Any CPU.Build.0 = Debug|Any CPU
		{3F246BD3-8D56-43AC-84AD-681371A9D6A9}.Debug|ARM.ActiveCfg = Debug|ARM
		{3F246BD3-8D56-43AC-84AD-681371A9D6A9}.Debug|ARM.Build.0 = Debug|ARM
		{3F246BD3-8D56-43AC-84AD-681371A9D6A9}.Debug|x64.ActiveCfg = Debug|x64
		{3F246BD3-8D56-43AC-84AD-681371A9D6A9}.Debug|x64.Build.0 = Debug|x64
		{3F246BD3-8D56-43AC-84AD-681371A9D6A9}.Debug|x86.ActiveCfg = Debug|x86
		{3F246BD3-8D56-43AC-84AD-681371A9D6A9}.Debug|x86.Build.0 = Debug|x86
		{3F246BD3-8D56-43AC-84AD-681371A9D6A9}.Release|Any CPU.ActiveCfg = Release|Any CPU
		{3F246BD3-8D56-43AC-84AD-681371A9D6A9}.Release|Any CPU.Build.0 = Release|Any CPU
		{3F246BD3-8D56-43AC-84AD-681371A9D6A9}.Release|ARM.ActiveCfg = Release|ARM
		{3F246BD3-8D56-43AC-84AD-681371A9D6A9}.Release|ARM.Build.0 = Release|ARM
		{3F246BD3-8D56-43AC-84AD-681371A9D6A9}.Release|x64.ActiveCfg = Release|x64
		{3F246BD3-8D56-43AC-84AD-681371A9D6A9}.Release|x64.Build.0 = Release|x64
		{3F246BD3-8D56-43AC-84AD-681371A9D6A9}.Release|x86.ActiveCfg = Release|x86
		{3F246BD3-8D56-43AC-84AD-681371A9D6A9}.Release|x86.Build.0 = Release|x86
	EndGlobalSection
	GlobalSection(SolutionProperties) = preSolution
		HideSolutionNode = FALSE
	EndGlobalSection
	GlobalSection(NestedProjects) = preSolution
		{1799FA3D-FE15-402D-BF78-CA42186F53A7} = {B72CE946-C674-48E1-834B-DE86D9BD32F8}
		{0237369D-23AB-4E37-B176-74EB5DA669E9} = {B72CE946-C674-48E1-834B-DE86D9BD32F8}
		{0A2C4B1C-1028-4A17-90EC-9E066DA88629} = {B72CE946-C674-48E1-834B-DE86D9BD32F8}
		{1D646653-7F89-4FBF-9CD1-10B74C1D0D47} = {B72CE946-C674-48E1-834B-DE86D9BD32F8}
		{92C76089-F2B9-4F8F-9A99-775179C08A85} = {B72CE946-C674-48E1-834B-DE86D9BD32F8}
		{4EDC963F-96C7-4FD9-ACD7-0D33D122FBFD} = {01E0DF5A-E50C-461B-9B00-22ACACD17490}
		{57C873C6-341C-4EEE-8C6B-CCEAD0F5D0D3} = {01E0DF5A-E50C-461B-9B00-22ACACD17490}
	EndGlobalSection
EndGlobal
