
Microsoft Visual Studio Solution File, Format Version 12.00
# Visual Studio 2012
Project("{2150E333-8FDC-42A3-9474-1A3956D46DE8}") = "Clients", "Clients", "{B72CE946-C674-48E1-834B-DE86D9BD32F8}"
EndProject
Project("{FAE04EC0-301F-11D3-BF4B-00C04F79EFBC}") = "ServiceModel.Pcl", "ServiceModel.Pcl\ServiceModel.Pcl.csproj", "{AAA629ED-E575-4308-9F3D-A851A16748C1}"
EndProject
Project("{FAE04EC0-301F-11D3-BF4B-00C04F79EFBC}") = "Client.Android.Pcl", "Client.Android.Pcl\Client.Android.Pcl.csproj", "{92C76089-F2B9-4F8F-9A99-775179C08A85}"
EndProject
Project("{FAE04EC0-301F-11D3-BF4B-00C04F79EFBC}") = "Client.iOS.Pcl", "Client.iOS.Pcl\Client.iOS.Pcl.csproj", "{0661687D-2D07-4696-90E0-41A2B76CF074}"
EndProject
Project("{2150E333-8FDC-42A3-9474-1A3956D46DE8}") = "Hosts", "Hosts", "{01E0DF5A-E50C-461B-9B00-22ACACD17490}"
EndProject
Project("{FAE04EC0-301F-11D3-BF4B-00C04F79EFBC}") = "Server.HttpListener", "Server.HttpListener\Server.HttpListener.csproj", "{4EDC963F-96C7-4FD9-ACD7-0D33D122FBFD}"
EndProject
Project("{FAE04EC0-301F-11D3-BF4B-00C04F79EFBC}") = "Server.AspNet", "Server.AspNet\Server.AspNet.csproj", "{57C873C6-341C-4EEE-8C6B-CCEAD0F5D0D3}"
EndProject
Project("{FAE04EC0-301F-11D3-BF4B-00C04F79EFBC}") = "ServiceModel", "ServiceModel\ServiceModel.csproj", "{467AAB2B-F0B5-4DF0-95AD-DB8817AFFA98}"
EndProject
Global
	GlobalSection(SolutionConfigurationPlatforms) = preSolution
		Debug|Any CPU = Debug|Any CPU
		Debug|ARM = Debug|ARM
		Debug|x64 = Debug|x64
		Debug|x86 = Debug|x86
		Release|Any CPU = Release|Any CPU
		Release|ARM = Release|ARM
		Release|x64 = Release|x64
		Release|x86 = Release|x86
		Debug|iPhoneSimulator = Debug|iPhoneSimulator
		Release|iPhoneSimulator = Release|iPhoneSimulator
		Debug|iPhone = Debug|iPhone
		Release|iPhone = Release|iPhone
		Ad-Hoc|iPhone = Ad-Hoc|iPhone
		AppStore|iPhone = AppStore|iPhone
	EndGlobalSection
	GlobalSection(ProjectConfigurationPlatforms) = postSolution
		{0661687D-2D07-4696-90E0-41A2B76CF074}.Ad-Hoc|iPhone.ActiveCfg = Ad-Hoc|iPhone
		{0661687D-2D07-4696-90E0-41A2B76CF074}.Ad-Hoc|iPhone.Build.0 = Ad-Hoc|iPhone
		{0661687D-2D07-4696-90E0-41A2B76CF074}.AppStore|iPhone.ActiveCfg = AppStore|iPhone
		{0661687D-2D07-4696-90E0-41A2B76CF074}.AppStore|iPhone.Build.0 = AppStore|iPhone
		{0661687D-2D07-4696-90E0-41A2B76CF074}.Debug|Any CPU.ActiveCfg = Debug|iPhoneSimulator
		{0661687D-2D07-4696-90E0-41A2B76CF074}.Debug|Any CPU.Build.0 = Debug|iPhoneSimulator
		{0661687D-2D07-4696-90E0-41A2B76CF074}.Debug|ARM.ActiveCfg = Debug|iPhoneSimulator
		{0661687D-2D07-4696-90E0-41A2B76CF074}.Debug|ARM.Build.0 = Debug|iPhoneSimulator
		{0661687D-2D07-4696-90E0-41A2B76CF074}.Debug|iPhone.ActiveCfg = Debug|iPhone
		{0661687D-2D07-4696-90E0-41A2B76CF074}.Debug|iPhone.Build.0 = Debug|iPhone
		{0661687D-2D07-4696-90E0-41A2B76CF074}.Debug|iPhoneSimulator.ActiveCfg = Debug|iPhoneSimulator
		{0661687D-2D07-4696-90E0-41A2B76CF074}.Debug|iPhoneSimulator.Build.0 = Debug|iPhoneSimulator
		{0661687D-2D07-4696-90E0-41A2B76CF074}.Debug|x64.ActiveCfg = Debug|iPhoneSimulator
		{0661687D-2D07-4696-90E0-41A2B76CF074}.Debug|x64.Build.0 = Debug|iPhoneSimulator
		{0661687D-2D07-4696-90E0-41A2B76CF074}.Debug|x86.ActiveCfg = Debug|iPhoneSimulator
		{0661687D-2D07-4696-90E0-41A2B76CF074}.Debug|x86.Build.0 = Debug|iPhoneSimulator
		{0661687D-2D07-4696-90E0-41A2B76CF074}.Release|Any CPU.ActiveCfg = Release|iPhoneSimulator
		{0661687D-2D07-4696-90E0-41A2B76CF074}.Release|Any CPU.Build.0 = Release|iPhoneSimulator
		{0661687D-2D07-4696-90E0-41A2B76CF074}.Release|ARM.ActiveCfg = Release|iPhoneSimulator
		{0661687D-2D07-4696-90E0-41A2B76CF074}.Release|ARM.Build.0 = Release|iPhoneSimulator
		{0661687D-2D07-4696-90E0-41A2B76CF074}.Release|iPhone.ActiveCfg = Release|iPhone
		{0661687D-2D07-4696-90E0-41A2B76CF074}.Release|iPhone.Build.0 = Release|iPhone
		{0661687D-2D07-4696-90E0-41A2B76CF074}.Release|iPhoneSimulator.ActiveCfg = Release|iPhoneSimulator
		{0661687D-2D07-4696-90E0-41A2B76CF074}.Release|iPhoneSimulator.Build.0 = Release|iPhoneSimulator
		{0661687D-2D07-4696-90E0-41A2B76CF074}.Release|x64.ActiveCfg = Release|iPhoneSimulator
		{0661687D-2D07-4696-90E0-41A2B76CF074}.Release|x64.Build.0 = Release|iPhoneSimulator
		{0661687D-2D07-4696-90E0-41A2B76CF074}.Release|x86.ActiveCfg = Release|iPhoneSimulator
		{0661687D-2D07-4696-90E0-41A2B76CF074}.Release|x86.Build.0 = Release|iPhoneSimulator
		{467AAB2B-F0B5-4DF0-95AD-DB8817AFFA98}.Ad-Hoc|iPhone.ActiveCfg = Debug|Any CPU
		{467AAB2B-F0B5-4DF0-95AD-DB8817AFFA98}.Ad-Hoc|iPhone.Build.0 = Debug|Any CPU
		{467AAB2B-F0B5-4DF0-95AD-DB8817AFFA98}.AppStore|iPhone.ActiveCfg = Debug|Any CPU
		{467AAB2B-F0B5-4DF0-95AD-DB8817AFFA98}.AppStore|iPhone.Build.0 = Debug|Any CPU
		{467AAB2B-F0B5-4DF0-95AD-DB8817AFFA98}.Debug|Any CPU.ActiveCfg = Debug|Any CPU
		{467AAB2B-F0B5-4DF0-95AD-DB8817AFFA98}.Debug|Any CPU.Build.0 = Debug|Any CPU
		{467AAB2B-F0B5-4DF0-95AD-DB8817AFFA98}.Debug|ARM.ActiveCfg = Debug|Any CPU
		{467AAB2B-F0B5-4DF0-95AD-DB8817AFFA98}.Debug|iPhone.ActiveCfg = Debug|Any CPU
		{467AAB2B-F0B5-4DF0-95AD-DB8817AFFA98}.Debug|iPhone.Build.0 = Debug|Any CPU
		{467AAB2B-F0B5-4DF0-95AD-DB8817AFFA98}.Debug|iPhoneSimulator.ActiveCfg = Debug|Any CPU
		{467AAB2B-F0B5-4DF0-95AD-DB8817AFFA98}.Debug|iPhoneSimulator.Build.0 = Debug|Any CPU
		{467AAB2B-F0B5-4DF0-95AD-DB8817AFFA98}.Debug|x64.ActiveCfg = Debug|Any CPU
		{467AAB2B-F0B5-4DF0-95AD-DB8817AFFA98}.Debug|x86.ActiveCfg = Debug|Any CPU
		{467AAB2B-F0B5-4DF0-95AD-DB8817AFFA98}.Release|Any CPU.ActiveCfg = Release|Any CPU
		{467AAB2B-F0B5-4DF0-95AD-DB8817AFFA98}.Release|Any CPU.Build.0 = Release|Any CPU
		{467AAB2B-F0B5-4DF0-95AD-DB8817AFFA98}.Release|ARM.ActiveCfg = Release|Any CPU
		{467AAB2B-F0B5-4DF0-95AD-DB8817AFFA98}.Release|iPhone.ActiveCfg = Release|Any CPU
		{467AAB2B-F0B5-4DF0-95AD-DB8817AFFA98}.Release|iPhone.Build.0 = Release|Any CPU
		{467AAB2B-F0B5-4DF0-95AD-DB8817AFFA98}.Release|iPhoneSimulator.ActiveCfg = Release|Any CPU
		{467AAB2B-F0B5-4DF0-95AD-DB8817AFFA98}.Release|iPhoneSimulator.Build.0 = Release|Any CPU
		{467AAB2B-F0B5-4DF0-95AD-DB8817AFFA98}.Release|x64.ActiveCfg = Release|Any CPU
		{467AAB2B-F0B5-4DF0-95AD-DB8817AFFA98}.Release|x86.ActiveCfg = Release|Any CPU
		{4EDC963F-96C7-4FD9-ACD7-0D33D122FBFD}.Ad-Hoc|iPhone.ActiveCfg = Debug|Any CPU
		{4EDC963F-96C7-4FD9-ACD7-0D33D122FBFD}.Ad-Hoc|iPhone.Build.0 = Debug|Any CPU
		{4EDC963F-96C7-4FD9-ACD7-0D33D122FBFD}.AppStore|iPhone.ActiveCfg = Debug|Any CPU
		{4EDC963F-96C7-4FD9-ACD7-0D33D122FBFD}.AppStore|iPhone.Build.0 = Debug|Any CPU
		{4EDC963F-96C7-4FD9-ACD7-0D33D122FBFD}.Debug|Any CPU.ActiveCfg = Debug|Any CPU
		{4EDC963F-96C7-4FD9-ACD7-0D33D122FBFD}.Debug|Any CPU.Build.0 = Debug|Any CPU
		{4EDC963F-96C7-4FD9-ACD7-0D33D122FBFD}.Debug|ARM.ActiveCfg = Debug|Any CPU
		{4EDC963F-96C7-4FD9-ACD7-0D33D122FBFD}.Debug|iPhone.ActiveCfg = Debug|Any CPU
		{4EDC963F-96C7-4FD9-ACD7-0D33D122FBFD}.Debug|iPhone.Build.0 = Debug|Any CPU
		{4EDC963F-96C7-4FD9-ACD7-0D33D122FBFD}.Debug|iPhoneSimulator.ActiveCfg = Debug|Any CPU
		{4EDC963F-96C7-4FD9-ACD7-0D33D122FBFD}.Debug|iPhoneSimulator.Build.0 = Debug|Any CPU
		{4EDC963F-96C7-4FD9-ACD7-0D33D122FBFD}.Debug|x64.ActiveCfg = Debug|Any CPU
		{4EDC963F-96C7-4FD9-ACD7-0D33D122FBFD}.Debug|x86.ActiveCfg = Debug|Any CPU
		{4EDC963F-96C7-4FD9-ACD7-0D33D122FBFD}.Release|Any CPU.ActiveCfg = Release|Any CPU
		{4EDC963F-96C7-4FD9-ACD7-0D33D122FBFD}.Release|Any CPU.Build.0 = Release|Any CPU
		{4EDC963F-96C7-4FD9-ACD7-0D33D122FBFD}.Release|ARM.ActiveCfg = Release|Any CPU
		{4EDC963F-96C7-4FD9-ACD7-0D33D122FBFD}.Release|iPhone.ActiveCfg = Release|Any CPU
		{4EDC963F-96C7-4FD9-ACD7-0D33D122FBFD}.Release|iPhone.Build.0 = Release|Any CPU
		{4EDC963F-96C7-4FD9-ACD7-0D33D122FBFD}.Release|iPhoneSimulator.ActiveCfg = Release|Any CPU
		{4EDC963F-96C7-4FD9-ACD7-0D33D122FBFD}.Release|iPhoneSimulator.Build.0 = Release|Any CPU
		{4EDC963F-96C7-4FD9-ACD7-0D33D122FBFD}.Release|x64.ActiveCfg = Release|Any CPU
		{4EDC963F-96C7-4FD9-ACD7-0D33D122FBFD}.Release|x86.ActiveCfg = Release|Any CPU
		{57C873C6-341C-4EEE-8C6B-CCEAD0F5D0D3}.Ad-Hoc|iPhone.ActiveCfg = Debug|Any CPU
		{57C873C6-341C-4EEE-8C6B-CCEAD0F5D0D3}.Ad-Hoc|iPhone.Build.0 = Debug|Any CPU
		{57C873C6-341C-4EEE-8C6B-CCEAD0F5D0D3}.AppStore|iPhone.ActiveCfg = Debug|Any CPU
		{57C873C6-341C-4EEE-8C6B-CCEAD0F5D0D3}.AppStore|iPhone.Build.0 = Debug|Any CPU
		{57C873C6-341C-4EEE-8C6B-CCEAD0F5D0D3}.Debug|Any CPU.ActiveCfg = Debug|Any CPU
		{57C873C6-341C-4EEE-8C6B-CCEAD0F5D0D3}.Debug|Any CPU.Build.0 = Debug|Any CPU
		{57C873C6-341C-4EEE-8C6B-CCEAD0F5D0D3}.Debug|ARM.ActiveCfg = Debug|Any CPU
		{57C873C6-341C-4EEE-8C6B-CCEAD0F5D0D3}.Debug|iPhone.ActiveCfg = Debug|Any CPU
		{57C873C6-341C-4EEE-8C6B-CCEAD0F5D0D3}.Debug|iPhone.Build.0 = Debug|Any CPU
		{57C873C6-341C-4EEE-8C6B-CCEAD0F5D0D3}.Debug|iPhoneSimulator.ActiveCfg = Debug|Any CPU
		{57C873C6-341C-4EEE-8C6B-CCEAD0F5D0D3}.Debug|iPhoneSimulator.Build.0 = Debug|Any CPU
		{57C873C6-341C-4EEE-8C6B-CCEAD0F5D0D3}.Debug|x64.ActiveCfg = Debug|Any CPU
		{57C873C6-341C-4EEE-8C6B-CCEAD0F5D0D3}.Debug|x86.ActiveCfg = Debug|Any CPU
		{57C873C6-341C-4EEE-8C6B-CCEAD0F5D0D3}.Release|Any CPU.ActiveCfg = Release|Any CPU
		{57C873C6-341C-4EEE-8C6B-CCEAD0F5D0D3}.Release|Any CPU.Build.0 = Release|Any CPU
		{57C873C6-341C-4EEE-8C6B-CCEAD0F5D0D3}.Release|ARM.ActiveCfg = Release|Any CPU
		{57C873C6-341C-4EEE-8C6B-CCEAD0F5D0D3}.Release|iPhone.ActiveCfg = Release|Any CPU
		{57C873C6-341C-4EEE-8C6B-CCEAD0F5D0D3}.Release|iPhone.Build.0 = Release|Any CPU
		{57C873C6-341C-4EEE-8C6B-CCEAD0F5D0D3}.Release|iPhoneSimulator.ActiveCfg = Release|Any CPU
		{57C873C6-341C-4EEE-8C6B-CCEAD0F5D0D3}.Release|iPhoneSimulator.Build.0 = Release|Any CPU
		{57C873C6-341C-4EEE-8C6B-CCEAD0F5D0D3}.Release|x64.ActiveCfg = Release|Any CPU
		{57C873C6-341C-4EEE-8C6B-CCEAD0F5D0D3}.Release|x86.ActiveCfg = Release|Any CPU
		{92C76089-F2B9-4F8F-9A99-775179C08A85}.Ad-Hoc|iPhone.ActiveCfg = Debug|Any CPU
		{92C76089-F2B9-4F8F-9A99-775179C08A85}.Ad-Hoc|iPhone.Build.0 = Debug|Any CPU
		{92C76089-F2B9-4F8F-9A99-775179C08A85}.AppStore|iPhone.ActiveCfg = Debug|Any CPU
		{92C76089-F2B9-4F8F-9A99-775179C08A85}.AppStore|iPhone.Build.0 = Debug|Any CPU
		{92C76089-F2B9-4F8F-9A99-775179C08A85}.Debug|Any CPU.ActiveCfg = Debug|Any CPU
		{92C76089-F2B9-4F8F-9A99-775179C08A85}.Debug|Any CPU.Build.0 = Debug|Any CPU
		{92C76089-F2B9-4F8F-9A99-775179C08A85}.Debug|Any CPU.Deploy.0 = Debug|Any CPU
		{92C76089-F2B9-4F8F-9A99-775179C08A85}.Debug|ARM.ActiveCfg = Debug|Any CPU
		{92C76089-F2B9-4F8F-9A99-775179C08A85}.Debug|iPhone.ActiveCfg = Debug|Any CPU
		{92C76089-F2B9-4F8F-9A99-775179C08A85}.Debug|iPhone.Build.0 = Debug|Any CPU
		{92C76089-F2B9-4F8F-9A99-775179C08A85}.Debug|iPhoneSimulator.ActiveCfg = Debug|Any CPU
		{92C76089-F2B9-4F8F-9A99-775179C08A85}.Debug|iPhoneSimulator.Build.0 = Debug|Any CPU
		{92C76089-F2B9-4F8F-9A99-775179C08A85}.Debug|x64.ActiveCfg = Debug|Any CPU
		{92C76089-F2B9-4F8F-9A99-775179C08A85}.Debug|x86.ActiveCfg = Debug|Any CPU
		{92C76089-F2B9-4F8F-9A99-775179C08A85}.Release|Any CPU.ActiveCfg = Release|Any CPU
		{92C76089-F2B9-4F8F-9A99-775179C08A85}.Release|Any CPU.Build.0 = Release|Any CPU
		{92C76089-F2B9-4F8F-9A99-775179C08A85}.Release|Any CPU.Deploy.0 = Release|Any CPU
		{92C76089-F2B9-4F8F-9A99-775179C08A85}.Release|ARM.ActiveCfg = Release|Any CPU
		{92C76089-F2B9-4F8F-9A99-775179C08A85}.Release|iPhone.ActiveCfg = Release|Any CPU
		{92C76089-F2B9-4F8F-9A99-775179C08A85}.Release|iPhone.Build.0 = Release|Any CPU
		{92C76089-F2B9-4F8F-9A99-775179C08A85}.Release|iPhoneSimulator.ActiveCfg = Release|Any CPU
		{92C76089-F2B9-4F8F-9A99-775179C08A85}.Release|iPhoneSimulator.Build.0 = Release|Any CPU
		{92C76089-F2B9-4F8F-9A99-775179C08A85}.Release|x64.ActiveCfg = Release|Any CPU
		{92C76089-F2B9-4F8F-9A99-775179C08A85}.Release|x86.ActiveCfg = Release|Any CPU
		{AAA629ED-E575-4308-9F3D-A851A16748C1}.Ad-Hoc|iPhone.ActiveCfg = Debug|Any CPU
		{AAA629ED-E575-4308-9F3D-A851A16748C1}.Ad-Hoc|iPhone.Build.0 = Debug|Any CPU
		{AAA629ED-E575-4308-9F3D-A851A16748C1}.AppStore|iPhone.ActiveCfg = Debug|Any CPU
		{AAA629ED-E575-4308-9F3D-A851A16748C1}.AppStore|iPhone.Build.0 = Debug|Any CPU
		{AAA629ED-E575-4308-9F3D-A851A16748C1}.Debug|Any CPU.ActiveCfg = Debug|Any CPU
		{AAA629ED-E575-4308-9F3D-A851A16748C1}.Debug|Any CPU.Build.0 = Debug|Any CPU
		{AAA629ED-E575-4308-9F3D-A851A16748C1}.Debug|ARM.ActiveCfg = Debug|Any CPU
		{AAA629ED-E575-4308-9F3D-A851A16748C1}.Debug|iPhone.ActiveCfg = Debug|Any CPU
		{AAA629ED-E575-4308-9F3D-A851A16748C1}.Debug|iPhone.Build.0 = Debug|Any CPU
		{AAA629ED-E575-4308-9F3D-A851A16748C1}.Debug|iPhoneSimulator.ActiveCfg = Debug|Any CPU
		{AAA629ED-E575-4308-9F3D-A851A16748C1}.Debug|iPhoneSimulator.Build.0 = Debug|Any CPU
		{AAA629ED-E575-4308-9F3D-A851A16748C1}.Debug|x64.ActiveCfg = Debug|Any CPU
		{AAA629ED-E575-4308-9F3D-A851A16748C1}.Debug|x86.ActiveCfg = Debug|Any CPU
		{AAA629ED-E575-4308-9F3D-A851A16748C1}.Release|Any CPU.ActiveCfg = Release|Any CPU
		{AAA629ED-E575-4308-9F3D-A851A16748C1}.Release|Any CPU.Build.0 = Release|Any CPU
		{AAA629ED-E575-4308-9F3D-A851A16748C1}.Release|ARM.ActiveCfg = Release|Any CPU
		{AAA629ED-E575-4308-9F3D-A851A16748C1}.Release|iPhone.ActiveCfg = Release|Any CPU
		{AAA629ED-E575-4308-9F3D-A851A16748C1}.Release|iPhone.Build.0 = Release|Any CPU
		{AAA629ED-E575-4308-9F3D-A851A16748C1}.Release|iPhoneSimulator.ActiveCfg = Release|Any CPU
		{AAA629ED-E575-4308-9F3D-A851A16748C1}.Release|iPhoneSimulator.Build.0 = Release|Any CPU
		{AAA629ED-E575-4308-9F3D-A851A16748C1}.Release|x64.ActiveCfg = Release|Any CPU
		{AAA629ED-E575-4308-9F3D-A851A16748C1}.Release|x86.ActiveCfg = Release|Any CPU
	EndGlobalSection
	GlobalSection(NestedProjects) = preSolution
		{AAA629ED-E575-4308-9F3D-A851A16748C1} = {B72CE946-C674-48E1-834B-DE86D9BD32F8}
		{92C76089-F2B9-4F8F-9A99-775179C08A85} = {B72CE946-C674-48E1-834B-DE86D9BD32F8}
		{0661687D-2D07-4696-90E0-41A2B76CF074} = {B72CE946-C674-48E1-834B-DE86D9BD32F8}
		{4EDC963F-96C7-4FD9-ACD7-0D33D122FBFD} = {01E0DF5A-E50C-461B-9B00-22ACACD17490}
		{57C873C6-341C-4EEE-8C6B-CCEAD0F5D0D3} = {01E0DF5A-E50C-461B-9B00-22ACACD17490}
	EndGlobalSection
	GlobalSection(MonoDevelopProperties) = preSolution
		StartupItem = Client.iOS.Pcl\Client.iOS.Pcl.csproj
	EndGlobalSection
	GlobalSection(SolutionProperties) = preSolution
		HideSolutionNode = FALSE
	EndGlobalSection
EndGlobal
