
Microsoft Visual Studio Solution File, Format Version 12.00
# Visual Studio 15
VisualStudioVersion = 15.0.27130.2010
MinimumVisualStudioVersion = 10.0.40219.1
Project("{2150E333-8FDC-42A3-9474-1A3956D46DE8}") = "Clients", "Clients", "{B72CE946-C674-48E1-834B-DE86D9BD32F8}"
EndProject
Project("{2150E333-8FDC-42A3-9474-1A3956D46DE8}") = "Hosts", "Hosts", "{01E0DF5A-E50C-461B-9B00-22ACACD17490}"
EndProject
Project("{FAE04EC0-301F-11D3-BF4B-00C04F79EFBC}") = "Client.Wpf", "Client.Wpf\Client.Wpf.csproj", "{1D646653-7F89-4FBF-9CD1-10B74C1D0D47}"
EndProject
Project("{FAE04EC0-301F-11D3-BF4B-00C04F79EFBC}") = "Client.Android", "Client.Android\Client.Android.csproj", "{92C76089-F2B9-4F8F-9A99-775179C08A85}"
EndProject
Project("{FAE04EC0-301F-11D3-BF4B-00C04F79EFBC}") = "Server.HttpListener", "Server.HttpListener\Server.HttpListener.csproj", "{4EDC963F-96C7-4FD9-ACD7-0D33D122FBFD}"
EndProject
Project("{FAE04EC0-301F-11D3-BF4B-00C04F79EFBC}") = "Server.AspNet", "Server.AspNet\Server.AspNet.csproj", "{57C873C6-341C-4EEE-8C6B-CCEAD0F5D0D3}"
EndProject
Project("{2150E333-8FDC-42A3-9474-1A3956D46DE8}") = "Tests", "Tests", "{0D7C181D-610C-481C-B099-250ABE1147F6}"
EndProject
Project("{9A19103F-16F7-4668-BE54-9A1E7A4F7556}") = "Shared.Client", "Shared.Client\Shared.Client.csproj", "{ECC2BD2A-33EE-4959-AD59-A148EF3B1DE8}"
EndProject
Project("{9A19103F-16F7-4668-BE54-9A1E7A4F7556}") = "ServiceModel", "ServiceModel\ServiceModel.csproj", "{C513AD2F-874A-4571-AFEF-49B961668803}"
EndProject
Project("{FAE04EC0-301F-11D3-BF4B-00C04F79EFBC}") = "Client.iOS", "Client.iOS\Client.iOS.csproj", "{D852B87D-122D-49FC-A74F-EB1CE1F1F5CD}"
EndProject
Project("{FAE04EC0-301F-11D3-BF4B-00C04F79EFBC}") = "Client.UWP", "Client.UWP\Client.UWP.csproj", "{275AC49C-1043-4022-A4FB-0A01158B3E45}"
EndProject
Project("{9A19103F-16F7-4668-BE54-9A1E7A4F7556}") = "Server.Common", "Server.Common\Server.Common.csproj", "{F41F6B93-C1A3-4B1E-935A-535BB1C8E8CD}"
EndProject
Project("{9A19103F-16F7-4668-BE54-9A1E7A4F7556}") = "Server.NetCore", "Server.NetCore\Server.NetCore.csproj", "{38A67D09-C84A-4853-9576-C227E7E23F70}"
EndProject
Project("{9A19103F-16F7-4668-BE54-9A1E7A4F7556}") = "Tests.Client", "Tests.Client\Tests.Client.csproj", "{CB9E1707-990A-406B-AAD1-96900970CEE0}"
EndProject
Global
	GlobalSection(SolutionConfigurationPlatforms) = preSolution
		Ad-Hoc|Any CPU = Ad-Hoc|Any CPU
		Ad-Hoc|ARM = Ad-Hoc|ARM
		Ad-Hoc|iPhone = Ad-Hoc|iPhone
		Ad-Hoc|iPhoneSimulator = Ad-Hoc|iPhoneSimulator
		Ad-Hoc|x64 = Ad-Hoc|x64
		Ad-Hoc|x86 = Ad-Hoc|x86
		AppStore|Any CPU = AppStore|Any CPU
		AppStore|ARM = AppStore|ARM
		AppStore|iPhone = AppStore|iPhone
		AppStore|iPhoneSimulator = AppStore|iPhoneSimulator
		AppStore|x64 = AppStore|x64
		AppStore|x86 = AppStore|x86
		Debug|Any CPU = Debug|Any CPU
		Debug|ARM = Debug|ARM
		Debug|iPhone = Debug|iPhone
		Debug|iPhoneSimulator = Debug|iPhoneSimulator
		Debug|x64 = Debug|x64
		Debug|x86 = Debug|x86
		Release|Any CPU = Release|Any CPU
		Release|ARM = Release|ARM
		Release|iPhone = Release|iPhone
		Release|iPhoneSimulator = Release|iPhoneSimulator
		Release|x64 = Release|x64
		Release|x86 = Release|x86
	EndGlobalSection
	GlobalSection(ProjectConfigurationPlatforms) = postSolution
		{1D646653-7F89-4FBF-9CD1-10B74C1D0D47}.Ad-Hoc|Any CPU.ActiveCfg = Release|Any CPU
		{1D646653-7F89-4FBF-9CD1-10B74C1D0D47}.Ad-Hoc|Any CPU.Build.0 = Release|Any CPU
		{1D646653-7F89-4FBF-9CD1-10B74C1D0D47}.Ad-Hoc|ARM.ActiveCfg = Release|Any CPU
		{1D646653-7F89-4FBF-9CD1-10B74C1D0D47}.Ad-Hoc|ARM.Build.0 = Release|Any CPU
		{1D646653-7F89-4FBF-9CD1-10B74C1D0D47}.Ad-Hoc|iPhone.ActiveCfg = Release|Any CPU
		{1D646653-7F89-4FBF-9CD1-10B74C1D0D47}.Ad-Hoc|iPhone.Build.0 = Release|Any CPU
		{1D646653-7F89-4FBF-9CD1-10B74C1D0D47}.Ad-Hoc|iPhoneSimulator.ActiveCfg = Release|Any CPU
		{1D646653-7F89-4FBF-9CD1-10B74C1D0D47}.Ad-Hoc|iPhoneSimulator.Build.0 = Release|Any CPU
		{1D646653-7F89-4FBF-9CD1-10B74C1D0D47}.Ad-Hoc|x64.ActiveCfg = Release|Any CPU
		{1D646653-7F89-4FBF-9CD1-10B74C1D0D47}.Ad-Hoc|x64.Build.0 = Release|Any CPU
		{1D646653-7F89-4FBF-9CD1-10B74C1D0D47}.Ad-Hoc|x86.ActiveCfg = Release|Any CPU
		{1D646653-7F89-4FBF-9CD1-10B74C1D0D47}.Ad-Hoc|x86.Build.0 = Release|Any CPU
		{1D646653-7F89-4FBF-9CD1-10B74C1D0D47}.AppStore|Any CPU.ActiveCfg = Release|Any CPU
		{1D646653-7F89-4FBF-9CD1-10B74C1D0D47}.AppStore|Any CPU.Build.0 = Release|Any CPU
		{1D646653-7F89-4FBF-9CD1-10B74C1D0D47}.AppStore|ARM.ActiveCfg = Release|Any CPU
		{1D646653-7F89-4FBF-9CD1-10B74C1D0D47}.AppStore|ARM.Build.0 = Release|Any CPU
		{1D646653-7F89-4FBF-9CD1-10B74C1D0D47}.AppStore|iPhone.ActiveCfg = Release|Any CPU
		{1D646653-7F89-4FBF-9CD1-10B74C1D0D47}.AppStore|iPhone.Build.0 = Release|Any CPU
		{1D646653-7F89-4FBF-9CD1-10B74C1D0D47}.AppStore|iPhoneSimulator.ActiveCfg = Release|Any CPU
		{1D646653-7F89-4FBF-9CD1-10B74C1D0D47}.AppStore|iPhoneSimulator.Build.0 = Release|Any CPU
		{1D646653-7F89-4FBF-9CD1-10B74C1D0D47}.AppStore|x64.ActiveCfg = Release|Any CPU
		{1D646653-7F89-4FBF-9CD1-10B74C1D0D47}.AppStore|x64.Build.0 = Release|Any CPU
		{1D646653-7F89-4FBF-9CD1-10B74C1D0D47}.AppStore|x86.ActiveCfg = Release|Any CPU
		{1D646653-7F89-4FBF-9CD1-10B74C1D0D47}.AppStore|x86.Build.0 = Release|Any CPU
		{1D646653-7F89-4FBF-9CD1-10B74C1D0D47}.Debug|Any CPU.ActiveCfg = Debug|Any CPU
		{1D646653-7F89-4FBF-9CD1-10B74C1D0D47}.Debug|Any CPU.Build.0 = Debug|Any CPU
		{1D646653-7F89-4FBF-9CD1-10B74C1D0D47}.Debug|ARM.ActiveCfg = Debug|Any CPU
		{1D646653-7F89-4FBF-9CD1-10B74C1D0D47}.Debug|iPhone.ActiveCfg = Debug|Any CPU
		{1D646653-7F89-4FBF-9CD1-10B74C1D0D47}.Debug|iPhone.Build.0 = Debug|Any CPU
		{1D646653-7F89-4FBF-9CD1-10B74C1D0D47}.Debug|iPhoneSimulator.ActiveCfg = Debug|Any CPU
		{1D646653-7F89-4FBF-9CD1-10B74C1D0D47}.Debug|iPhoneSimulator.Build.0 = Debug|Any CPU
		{1D646653-7F89-4FBF-9CD1-10B74C1D0D47}.Debug|x64.ActiveCfg = Debug|Any CPU
		{1D646653-7F89-4FBF-9CD1-10B74C1D0D47}.Debug|x86.ActiveCfg = Debug|Any CPU
		{1D646653-7F89-4FBF-9CD1-10B74C1D0D47}.Release|Any CPU.ActiveCfg = Release|Any CPU
		{1D646653-7F89-4FBF-9CD1-10B74C1D0D47}.Release|Any CPU.Build.0 = Release|Any CPU
		{1D646653-7F89-4FBF-9CD1-10B74C1D0D47}.Release|ARM.ActiveCfg = Release|Any CPU
		{1D646653-7F89-4FBF-9CD1-10B74C1D0D47}.Release|iPhone.ActiveCfg = Release|Any CPU
		{1D646653-7F89-4FBF-9CD1-10B74C1D0D47}.Release|iPhone.Build.0 = Release|Any CPU
		{1D646653-7F89-4FBF-9CD1-10B74C1D0D47}.Release|iPhoneSimulator.ActiveCfg = Release|Any CPU
		{1D646653-7F89-4FBF-9CD1-10B74C1D0D47}.Release|iPhoneSimulator.Build.0 = Release|Any CPU
		{1D646653-7F89-4FBF-9CD1-10B74C1D0D47}.Release|x64.ActiveCfg = Release|Any CPU
		{1D646653-7F89-4FBF-9CD1-10B74C1D0D47}.Release|x86.ActiveCfg = Release|Any CPU
		{92C76089-F2B9-4F8F-9A99-775179C08A85}.Ad-Hoc|Any CPU.ActiveCfg = Release|Any CPU
		{92C76089-F2B9-4F8F-9A99-775179C08A85}.Ad-Hoc|Any CPU.Build.0 = Release|Any CPU
		{92C76089-F2B9-4F8F-9A99-775179C08A85}.Ad-Hoc|Any CPU.Deploy.0 = Release|Any CPU
		{92C76089-F2B9-4F8F-9A99-775179C08A85}.Ad-Hoc|ARM.ActiveCfg = Release|Any CPU
		{92C76089-F2B9-4F8F-9A99-775179C08A85}.Ad-Hoc|ARM.Build.0 = Release|Any CPU
		{92C76089-F2B9-4F8F-9A99-775179C08A85}.Ad-Hoc|ARM.Deploy.0 = Release|Any CPU
		{92C76089-F2B9-4F8F-9A99-775179C08A85}.Ad-Hoc|iPhone.ActiveCfg = Release|Any CPU
		{92C76089-F2B9-4F8F-9A99-775179C08A85}.Ad-Hoc|iPhone.Build.0 = Release|Any CPU
		{92C76089-F2B9-4F8F-9A99-775179C08A85}.Ad-Hoc|iPhone.Deploy.0 = Release|Any CPU
		{92C76089-F2B9-4F8F-9A99-775179C08A85}.Ad-Hoc|iPhoneSimulator.ActiveCfg = Release|Any CPU
		{92C76089-F2B9-4F8F-9A99-775179C08A85}.Ad-Hoc|iPhoneSimulator.Build.0 = Release|Any CPU
		{92C76089-F2B9-4F8F-9A99-775179C08A85}.Ad-Hoc|iPhoneSimulator.Deploy.0 = Release|Any CPU
		{92C76089-F2B9-4F8F-9A99-775179C08A85}.Ad-Hoc|x64.ActiveCfg = Release|Any CPU
		{92C76089-F2B9-4F8F-9A99-775179C08A85}.Ad-Hoc|x64.Build.0 = Release|Any CPU
		{92C76089-F2B9-4F8F-9A99-775179C08A85}.Ad-Hoc|x64.Deploy.0 = Release|Any CPU
		{92C76089-F2B9-4F8F-9A99-775179C08A85}.Ad-Hoc|x86.ActiveCfg = Release|Any CPU
		{92C76089-F2B9-4F8F-9A99-775179C08A85}.Ad-Hoc|x86.Build.0 = Release|Any CPU
		{92C76089-F2B9-4F8F-9A99-775179C08A85}.Ad-Hoc|x86.Deploy.0 = Release|Any CPU
		{92C76089-F2B9-4F8F-9A99-775179C08A85}.AppStore|Any CPU.ActiveCfg = Release|Any CPU
		{92C76089-F2B9-4F8F-9A99-775179C08A85}.AppStore|Any CPU.Build.0 = Release|Any CPU
		{92C76089-F2B9-4F8F-9A99-775179C08A85}.AppStore|Any CPU.Deploy.0 = Release|Any CPU
		{92C76089-F2B9-4F8F-9A99-775179C08A85}.AppStore|ARM.ActiveCfg = Release|Any CPU
		{92C76089-F2B9-4F8F-9A99-775179C08A85}.AppStore|ARM.Build.0 = Release|Any CPU
		{92C76089-F2B9-4F8F-9A99-775179C08A85}.AppStore|ARM.Deploy.0 = Release|Any CPU
		{92C76089-F2B9-4F8F-9A99-775179C08A85}.AppStore|iPhone.ActiveCfg = Release|Any CPU
		{92C76089-F2B9-4F8F-9A99-775179C08A85}.AppStore|iPhone.Build.0 = Release|Any CPU
		{92C76089-F2B9-4F8F-9A99-775179C08A85}.AppStore|iPhone.Deploy.0 = Release|Any CPU
		{92C76089-F2B9-4F8F-9A99-775179C08A85}.AppStore|iPhoneSimulator.ActiveCfg = Release|Any CPU
		{92C76089-F2B9-4F8F-9A99-775179C08A85}.AppStore|iPhoneSimulator.Build.0 = Release|Any CPU
		{92C76089-F2B9-4F8F-9A99-775179C08A85}.AppStore|iPhoneSimulator.Deploy.0 = Release|Any CPU
		{92C76089-F2B9-4F8F-9A99-775179C08A85}.AppStore|x64.ActiveCfg = Release|Any CPU
		{92C76089-F2B9-4F8F-9A99-775179C08A85}.AppStore|x64.Build.0 = Release|Any CPU
		{92C76089-F2B9-4F8F-9A99-775179C08A85}.AppStore|x64.Deploy.0 = Release|Any CPU
		{92C76089-F2B9-4F8F-9A99-775179C08A85}.AppStore|x86.ActiveCfg = Release|Any CPU
		{92C76089-F2B9-4F8F-9A99-775179C08A85}.AppStore|x86.Build.0 = Release|Any CPU
		{92C76089-F2B9-4F8F-9A99-775179C08A85}.AppStore|x86.Deploy.0 = Release|Any CPU
		{92C76089-F2B9-4F8F-9A99-775179C08A85}.Debug|Any CPU.ActiveCfg = Debug|Any CPU
		{92C76089-F2B9-4F8F-9A99-775179C08A85}.Debug|Any CPU.Build.0 = Debug|Any CPU
		{92C76089-F2B9-4F8F-9A99-775179C08A85}.Debug|Any CPU.Deploy.0 = Debug|Any CPU
		{92C76089-F2B9-4F8F-9A99-775179C08A85}.Debug|ARM.ActiveCfg = Debug|Any CPU
		{92C76089-F2B9-4F8F-9A99-775179C08A85}.Debug|iPhone.ActiveCfg = Debug|Any CPU
		{92C76089-F2B9-4F8F-9A99-775179C08A85}.Debug|iPhone.Build.0 = Debug|Any CPU
		{92C76089-F2B9-4F8F-9A99-775179C08A85}.Debug|iPhone.Deploy.0 = Debug|Any CPU
		{92C76089-F2B9-4F8F-9A99-775179C08A85}.Debug|iPhoneSimulator.ActiveCfg = Debug|Any CPU
		{92C76089-F2B9-4F8F-9A99-775179C08A85}.Debug|iPhoneSimulator.Build.0 = Debug|Any CPU
		{92C76089-F2B9-4F8F-9A99-775179C08A85}.Debug|iPhoneSimulator.Deploy.0 = Debug|Any CPU
		{92C76089-F2B9-4F8F-9A99-775179C08A85}.Debug|x64.ActiveCfg = Debug|Any CPU
		{92C76089-F2B9-4F8F-9A99-775179C08A85}.Debug|x86.ActiveCfg = Debug|Any CPU
		{92C76089-F2B9-4F8F-9A99-775179C08A85}.Release|Any CPU.ActiveCfg = Release|Any CPU
		{92C76089-F2B9-4F8F-9A99-775179C08A85}.Release|Any CPU.Build.0 = Release|Any CPU
		{92C76089-F2B9-4F8F-9A99-775179C08A85}.Release|Any CPU.Deploy.0 = Release|Any CPU
		{92C76089-F2B9-4F8F-9A99-775179C08A85}.Release|ARM.ActiveCfg = Release|Any CPU
		{92C76089-F2B9-4F8F-9A99-775179C08A85}.Release|iPhone.ActiveCfg = Release|Any CPU
		{92C76089-F2B9-4F8F-9A99-775179C08A85}.Release|iPhone.Build.0 = Release|Any CPU
		{92C76089-F2B9-4F8F-9A99-775179C08A85}.Release|iPhone.Deploy.0 = Release|Any CPU
		{92C76089-F2B9-4F8F-9A99-775179C08A85}.Release|iPhoneSimulator.ActiveCfg = Release|Any CPU
		{92C76089-F2B9-4F8F-9A99-775179C08A85}.Release|iPhoneSimulator.Build.0 = Release|Any CPU
		{92C76089-F2B9-4F8F-9A99-775179C08A85}.Release|iPhoneSimulator.Deploy.0 = Release|Any CPU
		{92C76089-F2B9-4F8F-9A99-775179C08A85}.Release|x64.ActiveCfg = Release|Any CPU
		{92C76089-F2B9-4F8F-9A99-775179C08A85}.Release|x86.ActiveCfg = Release|Any CPU
		{4EDC963F-96C7-4FD9-ACD7-0D33D122FBFD}.Ad-Hoc|Any CPU.ActiveCfg = Release|Any CPU
		{4EDC963F-96C7-4FD9-ACD7-0D33D122FBFD}.Ad-Hoc|Any CPU.Build.0 = Release|Any CPU
		{4EDC963F-96C7-4FD9-ACD7-0D33D122FBFD}.Ad-Hoc|ARM.ActiveCfg = Release|Any CPU
		{4EDC963F-96C7-4FD9-ACD7-0D33D122FBFD}.Ad-Hoc|ARM.Build.0 = Release|Any CPU
		{4EDC963F-96C7-4FD9-ACD7-0D33D122FBFD}.Ad-Hoc|iPhone.ActiveCfg = Release|Any CPU
		{4EDC963F-96C7-4FD9-ACD7-0D33D122FBFD}.Ad-Hoc|iPhone.Build.0 = Release|Any CPU
		{4EDC963F-96C7-4FD9-ACD7-0D33D122FBFD}.Ad-Hoc|iPhoneSimulator.ActiveCfg = Release|Any CPU
		{4EDC963F-96C7-4FD9-ACD7-0D33D122FBFD}.Ad-Hoc|iPhoneSimulator.Build.0 = Release|Any CPU
		{4EDC963F-96C7-4FD9-ACD7-0D33D122FBFD}.Ad-Hoc|x64.ActiveCfg = Release|Any CPU
		{4EDC963F-96C7-4FD9-ACD7-0D33D122FBFD}.Ad-Hoc|x64.Build.0 = Release|Any CPU
		{4EDC963F-96C7-4FD9-ACD7-0D33D122FBFD}.Ad-Hoc|x86.ActiveCfg = Release|Any CPU
		{4EDC963F-96C7-4FD9-ACD7-0D33D122FBFD}.Ad-Hoc|x86.Build.0 = Release|Any CPU
		{4EDC963F-96C7-4FD9-ACD7-0D33D122FBFD}.AppStore|Any CPU.ActiveCfg = Release|Any CPU
		{4EDC963F-96C7-4FD9-ACD7-0D33D122FBFD}.AppStore|Any CPU.Build.0 = Release|Any CPU
		{4EDC963F-96C7-4FD9-ACD7-0D33D122FBFD}.AppStore|ARM.ActiveCfg = Release|Any CPU
		{4EDC963F-96C7-4FD9-ACD7-0D33D122FBFD}.AppStore|ARM.Build.0 = Release|Any CPU
		{4EDC963F-96C7-4FD9-ACD7-0D33D122FBFD}.AppStore|iPhone.ActiveCfg = Release|Any CPU
		{4EDC963F-96C7-4FD9-ACD7-0D33D122FBFD}.AppStore|iPhone.Build.0 = Release|Any CPU
		{4EDC963F-96C7-4FD9-ACD7-0D33D122FBFD}.AppStore|iPhoneSimulator.ActiveCfg = Release|Any CPU
		{4EDC963F-96C7-4FD9-ACD7-0D33D122FBFD}.AppStore|iPhoneSimulator.Build.0 = Release|Any CPU
		{4EDC963F-96C7-4FD9-ACD7-0D33D122FBFD}.AppStore|x64.ActiveCfg = Release|Any CPU
		{4EDC963F-96C7-4FD9-ACD7-0D33D122FBFD}.AppStore|x64.Build.0 = Release|Any CPU
		{4EDC963F-96C7-4FD9-ACD7-0D33D122FBFD}.AppStore|x86.ActiveCfg = Release|Any CPU
		{4EDC963F-96C7-4FD9-ACD7-0D33D122FBFD}.AppStore|x86.Build.0 = Release|Any CPU
		{4EDC963F-96C7-4FD9-ACD7-0D33D122FBFD}.Debug|Any CPU.ActiveCfg = Debug|Any CPU
		{4EDC963F-96C7-4FD9-ACD7-0D33D122FBFD}.Debug|Any CPU.Build.0 = Debug|Any CPU
		{4EDC963F-96C7-4FD9-ACD7-0D33D122FBFD}.Debug|ARM.ActiveCfg = Debug|Any CPU
		{4EDC963F-96C7-4FD9-ACD7-0D33D122FBFD}.Debug|iPhone.ActiveCfg = Debug|Any CPU
		{4EDC963F-96C7-4FD9-ACD7-0D33D122FBFD}.Debug|iPhone.Build.0 = Debug|Any CPU
		{4EDC963F-96C7-4FD9-ACD7-0D33D122FBFD}.Debug|iPhoneSimulator.ActiveCfg = Debug|Any CPU
		{4EDC963F-96C7-4FD9-ACD7-0D33D122FBFD}.Debug|iPhoneSimulator.Build.0 = Debug|Any CPU
		{4EDC963F-96C7-4FD9-ACD7-0D33D122FBFD}.Debug|x64.ActiveCfg = Debug|Any CPU
		{4EDC963F-96C7-4FD9-ACD7-0D33D122FBFD}.Debug|x86.ActiveCfg = Debug|Any CPU
		{4EDC963F-96C7-4FD9-ACD7-0D33D122FBFD}.Release|Any CPU.ActiveCfg = Release|Any CPU
		{4EDC963F-96C7-4FD9-ACD7-0D33D122FBFD}.Release|Any CPU.Build.0 = Release|Any CPU
		{4EDC963F-96C7-4FD9-ACD7-0D33D122FBFD}.Release|ARM.ActiveCfg = Release|Any CPU
		{4EDC963F-96C7-4FD9-ACD7-0D33D122FBFD}.Release|iPhone.ActiveCfg = Release|Any CPU
		{4EDC963F-96C7-4FD9-ACD7-0D33D122FBFD}.Release|iPhone.Build.0 = Release|Any CPU
		{4EDC963F-96C7-4FD9-ACD7-0D33D122FBFD}.Release|iPhoneSimulator.ActiveCfg = Release|Any CPU
		{4EDC963F-96C7-4FD9-ACD7-0D33D122FBFD}.Release|iPhoneSimulator.Build.0 = Release|Any CPU
		{4EDC963F-96C7-4FD9-ACD7-0D33D122FBFD}.Release|x64.ActiveCfg = Release|Any CPU
		{4EDC963F-96C7-4FD9-ACD7-0D33D122FBFD}.Release|x86.ActiveCfg = Release|Any CPU
		{57C873C6-341C-4EEE-8C6B-CCEAD0F5D0D3}.Ad-Hoc|Any CPU.ActiveCfg = Release|Any CPU
		{57C873C6-341C-4EEE-8C6B-CCEAD0F5D0D3}.Ad-Hoc|Any CPU.Build.0 = Release|Any CPU
		{57C873C6-341C-4EEE-8C6B-CCEAD0F5D0D3}.Ad-Hoc|ARM.ActiveCfg = Release|Any CPU
		{57C873C6-341C-4EEE-8C6B-CCEAD0F5D0D3}.Ad-Hoc|ARM.Build.0 = Release|Any CPU
		{57C873C6-341C-4EEE-8C6B-CCEAD0F5D0D3}.Ad-Hoc|iPhone.ActiveCfg = Release|Any CPU
		{57C873C6-341C-4EEE-8C6B-CCEAD0F5D0D3}.Ad-Hoc|iPhone.Build.0 = Release|Any CPU
		{57C873C6-341C-4EEE-8C6B-CCEAD0F5D0D3}.Ad-Hoc|iPhoneSimulator.ActiveCfg = Release|Any CPU
		{57C873C6-341C-4EEE-8C6B-CCEAD0F5D0D3}.Ad-Hoc|iPhoneSimulator.Build.0 = Release|Any CPU
		{57C873C6-341C-4EEE-8C6B-CCEAD0F5D0D3}.Ad-Hoc|x64.ActiveCfg = Release|Any CPU
		{57C873C6-341C-4EEE-8C6B-CCEAD0F5D0D3}.Ad-Hoc|x64.Build.0 = Release|Any CPU
		{57C873C6-341C-4EEE-8C6B-CCEAD0F5D0D3}.Ad-Hoc|x86.ActiveCfg = Release|Any CPU
		{57C873C6-341C-4EEE-8C6B-CCEAD0F5D0D3}.Ad-Hoc|x86.Build.0 = Release|Any CPU
		{57C873C6-341C-4EEE-8C6B-CCEAD0F5D0D3}.AppStore|Any CPU.ActiveCfg = Release|Any CPU
		{57C873C6-341C-4EEE-8C6B-CCEAD0F5D0D3}.AppStore|Any CPU.Build.0 = Release|Any CPU
		{57C873C6-341C-4EEE-8C6B-CCEAD0F5D0D3}.AppStore|ARM.ActiveCfg = Release|Any CPU
		{57C873C6-341C-4EEE-8C6B-CCEAD0F5D0D3}.AppStore|ARM.Build.0 = Release|Any CPU
		{57C873C6-341C-4EEE-8C6B-CCEAD0F5D0D3}.AppStore|iPhone.ActiveCfg = Release|Any CPU
		{57C873C6-341C-4EEE-8C6B-CCEAD0F5D0D3}.AppStore|iPhone.Build.0 = Release|Any CPU
		{57C873C6-341C-4EEE-8C6B-CCEAD0F5D0D3}.AppStore|iPhoneSimulator.ActiveCfg = Release|Any CPU
		{57C873C6-341C-4EEE-8C6B-CCEAD0F5D0D3}.AppStore|iPhoneSimulator.Build.0 = Release|Any CPU
		{57C873C6-341C-4EEE-8C6B-CCEAD0F5D0D3}.AppStore|x64.ActiveCfg = Release|Any CPU
		{57C873C6-341C-4EEE-8C6B-CCEAD0F5D0D3}.AppStore|x64.Build.0 = Release|Any CPU
		{57C873C6-341C-4EEE-8C6B-CCEAD0F5D0D3}.AppStore|x86.ActiveCfg = Release|Any CPU
		{57C873C6-341C-4EEE-8C6B-CCEAD0F5D0D3}.AppStore|x86.Build.0 = Release|Any CPU
		{57C873C6-341C-4EEE-8C6B-CCEAD0F5D0D3}.Debug|Any CPU.ActiveCfg = Debug|Any CPU
		{57C873C6-341C-4EEE-8C6B-CCEAD0F5D0D3}.Debug|Any CPU.Build.0 = Debug|Any CPU
		{57C873C6-341C-4EEE-8C6B-CCEAD0F5D0D3}.Debug|ARM.ActiveCfg = Debug|Any CPU
		{57C873C6-341C-4EEE-8C6B-CCEAD0F5D0D3}.Debug|iPhone.ActiveCfg = Debug|Any CPU
		{57C873C6-341C-4EEE-8C6B-CCEAD0F5D0D3}.Debug|iPhone.Build.0 = Debug|Any CPU
		{57C873C6-341C-4EEE-8C6B-CCEAD0F5D0D3}.Debug|iPhoneSimulator.ActiveCfg = Debug|Any CPU
		{57C873C6-341C-4EEE-8C6B-CCEAD0F5D0D3}.Debug|iPhoneSimulator.Build.0 = Debug|Any CPU
		{57C873C6-341C-4EEE-8C6B-CCEAD0F5D0D3}.Debug|x64.ActiveCfg = Debug|Any CPU
		{57C873C6-341C-4EEE-8C6B-CCEAD0F5D0D3}.Debug|x86.ActiveCfg = Debug|Any CPU
		{57C873C6-341C-4EEE-8C6B-CCEAD0F5D0D3}.Release|Any CPU.ActiveCfg = Release|Any CPU
		{57C873C6-341C-4EEE-8C6B-CCEAD0F5D0D3}.Release|Any CPU.Build.0 = Release|Any CPU
		{57C873C6-341C-4EEE-8C6B-CCEAD0F5D0D3}.Release|ARM.ActiveCfg = Release|Any CPU
		{57C873C6-341C-4EEE-8C6B-CCEAD0F5D0D3}.Release|iPhone.ActiveCfg = Release|Any CPU
		{57C873C6-341C-4EEE-8C6B-CCEAD0F5D0D3}.Release|iPhone.Build.0 = Release|Any CPU
		{57C873C6-341C-4EEE-8C6B-CCEAD0F5D0D3}.Release|iPhoneSimulator.ActiveCfg = Release|Any CPU
		{57C873C6-341C-4EEE-8C6B-CCEAD0F5D0D3}.Release|iPhoneSimulator.Build.0 = Release|Any CPU
		{57C873C6-341C-4EEE-8C6B-CCEAD0F5D0D3}.Release|x64.ActiveCfg = Release|Any CPU
		{57C873C6-341C-4EEE-8C6B-CCEAD0F5D0D3}.Release|x86.ActiveCfg = Release|Any CPU
		{ECC2BD2A-33EE-4959-AD59-A148EF3B1DE8}.Ad-Hoc|Any CPU.ActiveCfg = Release|Any CPU
		{ECC2BD2A-33EE-4959-AD59-A148EF3B1DE8}.Ad-Hoc|Any CPU.Build.0 = Release|Any CPU
		{ECC2BD2A-33EE-4959-AD59-A148EF3B1DE8}.Ad-Hoc|ARM.ActiveCfg = Release|Any CPU
		{ECC2BD2A-33EE-4959-AD59-A148EF3B1DE8}.Ad-Hoc|ARM.Build.0 = Release|Any CPU
		{ECC2BD2A-33EE-4959-AD59-A148EF3B1DE8}.Ad-Hoc|iPhone.ActiveCfg = Release|Any CPU
		{ECC2BD2A-33EE-4959-AD59-A148EF3B1DE8}.Ad-Hoc|iPhone.Build.0 = Release|Any CPU
		{ECC2BD2A-33EE-4959-AD59-A148EF3B1DE8}.Ad-Hoc|iPhoneSimulator.ActiveCfg = Release|Any CPU
		{ECC2BD2A-33EE-4959-AD59-A148EF3B1DE8}.Ad-Hoc|iPhoneSimulator.Build.0 = Release|Any CPU
		{ECC2BD2A-33EE-4959-AD59-A148EF3B1DE8}.Ad-Hoc|x64.ActiveCfg = Release|Any CPU
		{ECC2BD2A-33EE-4959-AD59-A148EF3B1DE8}.Ad-Hoc|x64.Build.0 = Release|Any CPU
		{ECC2BD2A-33EE-4959-AD59-A148EF3B1DE8}.Ad-Hoc|x86.ActiveCfg = Release|Any CPU
		{ECC2BD2A-33EE-4959-AD59-A148EF3B1DE8}.Ad-Hoc|x86.Build.0 = Release|Any CPU
		{ECC2BD2A-33EE-4959-AD59-A148EF3B1DE8}.AppStore|Any CPU.ActiveCfg = Release|Any CPU
		{ECC2BD2A-33EE-4959-AD59-A148EF3B1DE8}.AppStore|Any CPU.Build.0 = Release|Any CPU
		{ECC2BD2A-33EE-4959-AD59-A148EF3B1DE8}.AppStore|ARM.ActiveCfg = Release|Any CPU
		{ECC2BD2A-33EE-4959-AD59-A148EF3B1DE8}.AppStore|ARM.Build.0 = Release|Any CPU
		{ECC2BD2A-33EE-4959-AD59-A148EF3B1DE8}.AppStore|iPhone.ActiveCfg = Release|Any CPU
		{ECC2BD2A-33EE-4959-AD59-A148EF3B1DE8}.AppStore|iPhone.Build.0 = Release|Any CPU
		{ECC2BD2A-33EE-4959-AD59-A148EF3B1DE8}.AppStore|iPhoneSimulator.ActiveCfg = Release|Any CPU
		{ECC2BD2A-33EE-4959-AD59-A148EF3B1DE8}.AppStore|iPhoneSimulator.Build.0 = Release|Any CPU
		{ECC2BD2A-33EE-4959-AD59-A148EF3B1DE8}.AppStore|x64.ActiveCfg = Release|Any CPU
		{ECC2BD2A-33EE-4959-AD59-A148EF3B1DE8}.AppStore|x64.Build.0 = Release|Any CPU
		{ECC2BD2A-33EE-4959-AD59-A148EF3B1DE8}.AppStore|x86.ActiveCfg = Release|Any CPU
		{ECC2BD2A-33EE-4959-AD59-A148EF3B1DE8}.AppStore|x86.Build.0 = Release|Any CPU
		{ECC2BD2A-33EE-4959-AD59-A148EF3B1DE8}.Debug|Any CPU.ActiveCfg = Debug|Any CPU
		{ECC2BD2A-33EE-4959-AD59-A148EF3B1DE8}.Debug|Any CPU.Build.0 = Debug|Any CPU
		{ECC2BD2A-33EE-4959-AD59-A148EF3B1DE8}.Debug|ARM.ActiveCfg = Debug|Any CPU
		{ECC2BD2A-33EE-4959-AD59-A148EF3B1DE8}.Debug|ARM.Build.0 = Debug|Any CPU
		{ECC2BD2A-33EE-4959-AD59-A148EF3B1DE8}.Debug|iPhone.ActiveCfg = Debug|Any CPU
		{ECC2BD2A-33EE-4959-AD59-A148EF3B1DE8}.Debug|iPhone.Build.0 = Debug|Any CPU
		{ECC2BD2A-33EE-4959-AD59-A148EF3B1DE8}.Debug|iPhoneSimulator.ActiveCfg = Debug|Any CPU
		{ECC2BD2A-33EE-4959-AD59-A148EF3B1DE8}.Debug|iPhoneSimulator.Build.0 = Debug|Any CPU
		{ECC2BD2A-33EE-4959-AD59-A148EF3B1DE8}.Debug|x64.ActiveCfg = Debug|Any CPU
		{ECC2BD2A-33EE-4959-AD59-A148EF3B1DE8}.Debug|x64.Build.0 = Debug|Any CPU
		{ECC2BD2A-33EE-4959-AD59-A148EF3B1DE8}.Debug|x86.ActiveCfg = Debug|Any CPU
		{ECC2BD2A-33EE-4959-AD59-A148EF3B1DE8}.Debug|x86.Build.0 = Debug|Any CPU
		{ECC2BD2A-33EE-4959-AD59-A148EF3B1DE8}.Release|Any CPU.ActiveCfg = Release|Any CPU
		{ECC2BD2A-33EE-4959-AD59-A148EF3B1DE8}.Release|Any CPU.Build.0 = Release|Any CPU
		{ECC2BD2A-33EE-4959-AD59-A148EF3B1DE8}.Release|ARM.ActiveCfg = Release|Any CPU
		{ECC2BD2A-33EE-4959-AD59-A148EF3B1DE8}.Release|ARM.Build.0 = Release|Any CPU
		{ECC2BD2A-33EE-4959-AD59-A148EF3B1DE8}.Release|iPhone.ActiveCfg = Release|Any CPU
		{ECC2BD2A-33EE-4959-AD59-A148EF3B1DE8}.Release|iPhone.Build.0 = Release|Any CPU
		{ECC2BD2A-33EE-4959-AD59-A148EF3B1DE8}.Release|iPhoneSimulator.ActiveCfg = Release|Any CPU
		{ECC2BD2A-33EE-4959-AD59-A148EF3B1DE8}.Release|iPhoneSimulator.Build.0 = Release|Any CPU
		{ECC2BD2A-33EE-4959-AD59-A148EF3B1DE8}.Release|x64.ActiveCfg = Release|Any CPU
		{ECC2BD2A-33EE-4959-AD59-A148EF3B1DE8}.Release|x64.Build.0 = Release|Any CPU
		{ECC2BD2A-33EE-4959-AD59-A148EF3B1DE8}.Release|x86.ActiveCfg = Release|Any CPU
		{ECC2BD2A-33EE-4959-AD59-A148EF3B1DE8}.Release|x86.Build.0 = Release|Any CPU
		{C513AD2F-874A-4571-AFEF-49B961668803}.Ad-Hoc|Any CPU.ActiveCfg = Release|Any CPU
		{C513AD2F-874A-4571-AFEF-49B961668803}.Ad-Hoc|Any CPU.Build.0 = Release|Any CPU
		{C513AD2F-874A-4571-AFEF-49B961668803}.Ad-Hoc|ARM.ActiveCfg = Release|Any CPU
		{C513AD2F-874A-4571-AFEF-49B961668803}.Ad-Hoc|ARM.Build.0 = Release|Any CPU
		{C513AD2F-874A-4571-AFEF-49B961668803}.Ad-Hoc|iPhone.ActiveCfg = Release|Any CPU
		{C513AD2F-874A-4571-AFEF-49B961668803}.Ad-Hoc|iPhone.Build.0 = Release|Any CPU
		{C513AD2F-874A-4571-AFEF-49B961668803}.Ad-Hoc|iPhoneSimulator.ActiveCfg = Release|Any CPU
		{C513AD2F-874A-4571-AFEF-49B961668803}.Ad-Hoc|iPhoneSimulator.Build.0 = Release|Any CPU
		{C513AD2F-874A-4571-AFEF-49B961668803}.Ad-Hoc|x64.ActiveCfg = Release|Any CPU
		{C513AD2F-874A-4571-AFEF-49B961668803}.Ad-Hoc|x64.Build.0 = Release|Any CPU
		{C513AD2F-874A-4571-AFEF-49B961668803}.Ad-Hoc|x86.ActiveCfg = Release|Any CPU
		{C513AD2F-874A-4571-AFEF-49B961668803}.Ad-Hoc|x86.Build.0 = Release|Any CPU
		{C513AD2F-874A-4571-AFEF-49B961668803}.AppStore|Any CPU.ActiveCfg = Release|Any CPU
		{C513AD2F-874A-4571-AFEF-49B961668803}.AppStore|Any CPU.Build.0 = Release|Any CPU
		{C513AD2F-874A-4571-AFEF-49B961668803}.AppStore|ARM.ActiveCfg = Release|Any CPU
		{C513AD2F-874A-4571-AFEF-49B961668803}.AppStore|ARM.Build.0 = Release|Any CPU
		{C513AD2F-874A-4571-AFEF-49B961668803}.AppStore|iPhone.ActiveCfg = Release|Any CPU
		{C513AD2F-874A-4571-AFEF-49B961668803}.AppStore|iPhone.Build.0 = Release|Any CPU
		{C513AD2F-874A-4571-AFEF-49B961668803}.AppStore|iPhoneSimulator.ActiveCfg = Release|Any CPU
		{C513AD2F-874A-4571-AFEF-49B961668803}.AppStore|iPhoneSimulator.Build.0 = Release|Any CPU
		{C513AD2F-874A-4571-AFEF-49B961668803}.AppStore|x64.ActiveCfg = Release|Any CPU
		{C513AD2F-874A-4571-AFEF-49B961668803}.AppStore|x64.Build.0 = Release|Any CPU
		{C513AD2F-874A-4571-AFEF-49B961668803}.AppStore|x86.ActiveCfg = Release|Any CPU
		{C513AD2F-874A-4571-AFEF-49B961668803}.AppStore|x86.Build.0 = Release|Any CPU
		{C513AD2F-874A-4571-AFEF-49B961668803}.Debug|Any CPU.ActiveCfg = Debug|Any CPU
		{C513AD2F-874A-4571-AFEF-49B961668803}.Debug|Any CPU.Build.0 = Debug|Any CPU
		{C513AD2F-874A-4571-AFEF-49B961668803}.Debug|ARM.ActiveCfg = Debug|Any CPU
		{C513AD2F-874A-4571-AFEF-49B961668803}.Debug|ARM.Build.0 = Debug|Any CPU
		{C513AD2F-874A-4571-AFEF-49B961668803}.Debug|iPhone.ActiveCfg = Debug|Any CPU
		{C513AD2F-874A-4571-AFEF-49B961668803}.Debug|iPhone.Build.0 = Debug|Any CPU
		{C513AD2F-874A-4571-AFEF-49B961668803}.Debug|iPhoneSimulator.ActiveCfg = Debug|Any CPU
		{C513AD2F-874A-4571-AFEF-49B961668803}.Debug|iPhoneSimulator.Build.0 = Debug|Any CPU
		{C513AD2F-874A-4571-AFEF-49B961668803}.Debug|x64.ActiveCfg = Debug|Any CPU
		{C513AD2F-874A-4571-AFEF-49B961668803}.Debug|x64.Build.0 = Debug|Any CPU
		{C513AD2F-874A-4571-AFEF-49B961668803}.Debug|x86.ActiveCfg = Debug|Any CPU
		{C513AD2F-874A-4571-AFEF-49B961668803}.Debug|x86.Build.0 = Debug|Any CPU
		{C513AD2F-874A-4571-AFEF-49B961668803}.Release|Any CPU.ActiveCfg = Release|Any CPU
		{C513AD2F-874A-4571-AFEF-49B961668803}.Release|Any CPU.Build.0 = Release|Any CPU
		{C513AD2F-874A-4571-AFEF-49B961668803}.Release|ARM.ActiveCfg = Release|Any CPU
		{C513AD2F-874A-4571-AFEF-49B961668803}.Release|ARM.Build.0 = Release|Any CPU
		{C513AD2F-874A-4571-AFEF-49B961668803}.Release|iPhone.ActiveCfg = Release|Any CPU
		{C513AD2F-874A-4571-AFEF-49B961668803}.Release|iPhone.Build.0 = Release|Any CPU
		{C513AD2F-874A-4571-AFEF-49B961668803}.Release|iPhoneSimulator.ActiveCfg = Release|Any CPU
		{C513AD2F-874A-4571-AFEF-49B961668803}.Release|iPhoneSimulator.Build.0 = Release|Any CPU
		{C513AD2F-874A-4571-AFEF-49B961668803}.Release|x64.ActiveCfg = Release|Any CPU
		{C513AD2F-874A-4571-AFEF-49B961668803}.Release|x64.Build.0 = Release|Any CPU
		{C513AD2F-874A-4571-AFEF-49B961668803}.Release|x86.ActiveCfg = Release|Any CPU
		{C513AD2F-874A-4571-AFEF-49B961668803}.Release|x86.Build.0 = Release|Any CPU
		{D852B87D-122D-49FC-A74F-EB1CE1F1F5CD}.Ad-Hoc|Any CPU.ActiveCfg = Ad-Hoc|iPhone
		{D852B87D-122D-49FC-A74F-EB1CE1F1F5CD}.Ad-Hoc|ARM.ActiveCfg = Ad-Hoc|iPhone
		{D852B87D-122D-49FC-A74F-EB1CE1F1F5CD}.Ad-Hoc|iPhone.ActiveCfg = Ad-Hoc|iPhone
		{D852B87D-122D-49FC-A74F-EB1CE1F1F5CD}.Ad-Hoc|iPhone.Build.0 = Ad-Hoc|iPhone
		{D852B87D-122D-49FC-A74F-EB1CE1F1F5CD}.Ad-Hoc|iPhoneSimulator.ActiveCfg = Ad-Hoc|iPhoneSimulator
		{D852B87D-122D-49FC-A74F-EB1CE1F1F5CD}.Ad-Hoc|iPhoneSimulator.Build.0 = Ad-Hoc|iPhoneSimulator
		{D852B87D-122D-49FC-A74F-EB1CE1F1F5CD}.Ad-Hoc|x64.ActiveCfg = Ad-Hoc|iPhone
		{D852B87D-122D-49FC-A74F-EB1CE1F1F5CD}.Ad-Hoc|x86.ActiveCfg = Ad-Hoc|iPhone
		{D852B87D-122D-49FC-A74F-EB1CE1F1F5CD}.AppStore|Any CPU.ActiveCfg = AppStore|iPhone
		{D852B87D-122D-49FC-A74F-EB1CE1F1F5CD}.AppStore|ARM.ActiveCfg = AppStore|iPhone
		{D852B87D-122D-49FC-A74F-EB1CE1F1F5CD}.AppStore|iPhone.ActiveCfg = AppStore|iPhone
		{D852B87D-122D-49FC-A74F-EB1CE1F1F5CD}.AppStore|iPhone.Build.0 = AppStore|iPhone
		{D852B87D-122D-49FC-A74F-EB1CE1F1F5CD}.AppStore|iPhoneSimulator.ActiveCfg = AppStore|iPhoneSimulator
		{D852B87D-122D-49FC-A74F-EB1CE1F1F5CD}.AppStore|iPhoneSimulator.Build.0 = AppStore|iPhoneSimulator
		{D852B87D-122D-49FC-A74F-EB1CE1F1F5CD}.AppStore|x64.ActiveCfg = AppStore|iPhone
		{D852B87D-122D-49FC-A74F-EB1CE1F1F5CD}.AppStore|x86.ActiveCfg = AppStore|iPhone
		{D852B87D-122D-49FC-A74F-EB1CE1F1F5CD}.Debug|Any CPU.ActiveCfg = Debug|iPhone
		{D852B87D-122D-49FC-A74F-EB1CE1F1F5CD}.Debug|ARM.ActiveCfg = Debug|iPhone
		{D852B87D-122D-49FC-A74F-EB1CE1F1F5CD}.Debug|iPhone.ActiveCfg = Debug|iPhone
		{D852B87D-122D-49FC-A74F-EB1CE1F1F5CD}.Debug|iPhone.Build.0 = Debug|iPhone
		{D852B87D-122D-49FC-A74F-EB1CE1F1F5CD}.Debug|iPhoneSimulator.ActiveCfg = Debug|iPhoneSimulator
		{D852B87D-122D-49FC-A74F-EB1CE1F1F5CD}.Debug|iPhoneSimulator.Build.0 = Debug|iPhoneSimulator
		{D852B87D-122D-49FC-A74F-EB1CE1F1F5CD}.Debug|x64.ActiveCfg = Debug|iPhone
		{D852B87D-122D-49FC-A74F-EB1CE1F1F5CD}.Debug|x86.ActiveCfg = Debug|iPhone
		{D852B87D-122D-49FC-A74F-EB1CE1F1F5CD}.Release|Any CPU.ActiveCfg = Release|iPhone
		{D852B87D-122D-49FC-A74F-EB1CE1F1F5CD}.Release|ARM.ActiveCfg = Release|iPhone
		{D852B87D-122D-49FC-A74F-EB1CE1F1F5CD}.Release|iPhone.ActiveCfg = Release|iPhone
		{D852B87D-122D-49FC-A74F-EB1CE1F1F5CD}.Release|iPhone.Build.0 = Release|iPhone
		{D852B87D-122D-49FC-A74F-EB1CE1F1F5CD}.Release|iPhoneSimulator.ActiveCfg = Release|iPhoneSimulator
		{D852B87D-122D-49FC-A74F-EB1CE1F1F5CD}.Release|iPhoneSimulator.Build.0 = Release|iPhoneSimulator
		{D852B87D-122D-49FC-A74F-EB1CE1F1F5CD}.Release|x64.ActiveCfg = Release|iPhone
		{D852B87D-122D-49FC-A74F-EB1CE1F1F5CD}.Release|x86.ActiveCfg = Release|iPhone
		{275AC49C-1043-4022-A4FB-0A01158B3E45}.Ad-Hoc|Any CPU.ActiveCfg = Release|x64
		{275AC49C-1043-4022-A4FB-0A01158B3E45}.Ad-Hoc|Any CPU.Build.0 = Release|x64
		{275AC49C-1043-4022-A4FB-0A01158B3E45}.Ad-Hoc|Any CPU.Deploy.0 = Release|x64
		{275AC49C-1043-4022-A4FB-0A01158B3E45}.Ad-Hoc|ARM.ActiveCfg = Release|ARM
		{275AC49C-1043-4022-A4FB-0A01158B3E45}.Ad-Hoc|ARM.Build.0 = Release|ARM
		{275AC49C-1043-4022-A4FB-0A01158B3E45}.Ad-Hoc|ARM.Deploy.0 = Release|ARM
		{275AC49C-1043-4022-A4FB-0A01158B3E45}.Ad-Hoc|iPhone.ActiveCfg = Release|x64
		{275AC49C-1043-4022-A4FB-0A01158B3E45}.Ad-Hoc|iPhone.Build.0 = Release|x64
		{275AC49C-1043-4022-A4FB-0A01158B3E45}.Ad-Hoc|iPhone.Deploy.0 = Release|x64
		{275AC49C-1043-4022-A4FB-0A01158B3E45}.Ad-Hoc|iPhoneSimulator.ActiveCfg = Release|x64
		{275AC49C-1043-4022-A4FB-0A01158B3E45}.Ad-Hoc|iPhoneSimulator.Build.0 = Release|x64
		{275AC49C-1043-4022-A4FB-0A01158B3E45}.Ad-Hoc|iPhoneSimulator.Deploy.0 = Release|x64
		{275AC49C-1043-4022-A4FB-0A01158B3E45}.Ad-Hoc|x64.ActiveCfg = Release|x64
		{275AC49C-1043-4022-A4FB-0A01158B3E45}.Ad-Hoc|x64.Build.0 = Release|x64
		{275AC49C-1043-4022-A4FB-0A01158B3E45}.Ad-Hoc|x64.Deploy.0 = Release|x64
		{275AC49C-1043-4022-A4FB-0A01158B3E45}.Ad-Hoc|x86.ActiveCfg = Release|x86
		{275AC49C-1043-4022-A4FB-0A01158B3E45}.Ad-Hoc|x86.Build.0 = Release|x86
		{275AC49C-1043-4022-A4FB-0A01158B3E45}.Ad-Hoc|x86.Deploy.0 = Release|x86
		{275AC49C-1043-4022-A4FB-0A01158B3E45}.AppStore|Any CPU.ActiveCfg = Release|x64
		{275AC49C-1043-4022-A4FB-0A01158B3E45}.AppStore|Any CPU.Build.0 = Release|x64
		{275AC49C-1043-4022-A4FB-0A01158B3E45}.AppStore|Any CPU.Deploy.0 = Release|x64
		{275AC49C-1043-4022-A4FB-0A01158B3E45}.AppStore|ARM.ActiveCfg = Release|ARM
		{275AC49C-1043-4022-A4FB-0A01158B3E45}.AppStore|ARM.Build.0 = Release|ARM
		{275AC49C-1043-4022-A4FB-0A01158B3E45}.AppStore|ARM.Deploy.0 = Release|ARM
		{275AC49C-1043-4022-A4FB-0A01158B3E45}.AppStore|iPhone.ActiveCfg = Release|x64
		{275AC49C-1043-4022-A4FB-0A01158B3E45}.AppStore|iPhone.Build.0 = Release|x64
		{275AC49C-1043-4022-A4FB-0A01158B3E45}.AppStore|iPhone.Deploy.0 = Release|x64
		{275AC49C-1043-4022-A4FB-0A01158B3E45}.AppStore|iPhoneSimulator.ActiveCfg = Release|x64
		{275AC49C-1043-4022-A4FB-0A01158B3E45}.AppStore|iPhoneSimulator.Build.0 = Release|x64
		{275AC49C-1043-4022-A4FB-0A01158B3E45}.AppStore|iPhoneSimulator.Deploy.0 = Release|x64
		{275AC49C-1043-4022-A4FB-0A01158B3E45}.AppStore|x64.ActiveCfg = Release|x64
		{275AC49C-1043-4022-A4FB-0A01158B3E45}.AppStore|x64.Build.0 = Release|x64
		{275AC49C-1043-4022-A4FB-0A01158B3E45}.AppStore|x64.Deploy.0 = Release|x64
		{275AC49C-1043-4022-A4FB-0A01158B3E45}.AppStore|x86.ActiveCfg = Release|x86
		{275AC49C-1043-4022-A4FB-0A01158B3E45}.AppStore|x86.Build.0 = Release|x86
		{275AC49C-1043-4022-A4FB-0A01158B3E45}.AppStore|x86.Deploy.0 = Release|x86
		{275AC49C-1043-4022-A4FB-0A01158B3E45}.Debug|Any CPU.ActiveCfg = Debug|x86
		{275AC49C-1043-4022-A4FB-0A01158B3E45}.Debug|ARM.ActiveCfg = Debug|ARM
		{275AC49C-1043-4022-A4FB-0A01158B3E45}.Debug|ARM.Build.0 = Debug|ARM
		{275AC49C-1043-4022-A4FB-0A01158B3E45}.Debug|ARM.Deploy.0 = Debug|ARM
		{275AC49C-1043-4022-A4FB-0A01158B3E45}.Debug|iPhone.ActiveCfg = Debug|x86
		{275AC49C-1043-4022-A4FB-0A01158B3E45}.Debug|iPhoneSimulator.ActiveCfg = Debug|x86
		{275AC49C-1043-4022-A4FB-0A01158B3E45}.Debug|x64.ActiveCfg = Debug|x64
		{275AC49C-1043-4022-A4FB-0A01158B3E45}.Debug|x64.Build.0 = Debug|x64
		{275AC49C-1043-4022-A4FB-0A01158B3E45}.Debug|x64.Deploy.0 = Debug|x64
		{275AC49C-1043-4022-A4FB-0A01158B3E45}.Debug|x86.ActiveCfg = Debug|x86
		{275AC49C-1043-4022-A4FB-0A01158B3E45}.Debug|x86.Build.0 = Debug|x86
		{275AC49C-1043-4022-A4FB-0A01158B3E45}.Debug|x86.Deploy.0 = Debug|x86
		{275AC49C-1043-4022-A4FB-0A01158B3E45}.Release|Any CPU.ActiveCfg = Release|x86
		{275AC49C-1043-4022-A4FB-0A01158B3E45}.Release|ARM.ActiveCfg = Release|ARM
		{275AC49C-1043-4022-A4FB-0A01158B3E45}.Release|ARM.Build.0 = Release|ARM
		{275AC49C-1043-4022-A4FB-0A01158B3E45}.Release|ARM.Deploy.0 = Release|ARM
		{275AC49C-1043-4022-A4FB-0A01158B3E45}.Release|iPhone.ActiveCfg = Release|x86
		{275AC49C-1043-4022-A4FB-0A01158B3E45}.Release|iPhoneSimulator.ActiveCfg = Release|x86
		{275AC49C-1043-4022-A4FB-0A01158B3E45}.Release|x64.ActiveCfg = Release|x64
		{275AC49C-1043-4022-A4FB-0A01158B3E45}.Release|x64.Build.0 = Release|x64
		{275AC49C-1043-4022-A4FB-0A01158B3E45}.Release|x64.Deploy.0 = Release|x64
		{275AC49C-1043-4022-A4FB-0A01158B3E45}.Release|x86.ActiveCfg = Release|x86
		{275AC49C-1043-4022-A4FB-0A01158B3E45}.Release|x86.Build.0 = Release|x86
		{275AC49C-1043-4022-A4FB-0A01158B3E45}.Release|x86.Deploy.0 = Release|x86
		{F41F6B93-C1A3-4B1E-935A-535BB1C8E8CD}.Ad-Hoc|Any CPU.ActiveCfg = Debug|Any CPU
		{F41F6B93-C1A3-4B1E-935A-535BB1C8E8CD}.Ad-Hoc|Any CPU.Build.0 = Debug|Any CPU
		{F41F6B93-C1A3-4B1E-935A-535BB1C8E8CD}.Ad-Hoc|ARM.ActiveCfg = Debug|Any CPU
		{F41F6B93-C1A3-4B1E-935A-535BB1C8E8CD}.Ad-Hoc|ARM.Build.0 = Debug|Any CPU
		{F41F6B93-C1A3-4B1E-935A-535BB1C8E8CD}.Ad-Hoc|iPhone.ActiveCfg = Debug|Any CPU
		{F41F6B93-C1A3-4B1E-935A-535BB1C8E8CD}.Ad-Hoc|iPhone.Build.0 = Debug|Any CPU
		{F41F6B93-C1A3-4B1E-935A-535BB1C8E8CD}.Ad-Hoc|iPhoneSimulator.ActiveCfg = Debug|Any CPU
		{F41F6B93-C1A3-4B1E-935A-535BB1C8E8CD}.Ad-Hoc|iPhoneSimulator.Build.0 = Debug|Any CPU
		{F41F6B93-C1A3-4B1E-935A-535BB1C8E8CD}.Ad-Hoc|x64.ActiveCfg = Debug|Any CPU
		{F41F6B93-C1A3-4B1E-935A-535BB1C8E8CD}.Ad-Hoc|x64.Build.0 = Debug|Any CPU
		{F41F6B93-C1A3-4B1E-935A-535BB1C8E8CD}.Ad-Hoc|x86.ActiveCfg = Debug|Any CPU
		{F41F6B93-C1A3-4B1E-935A-535BB1C8E8CD}.Ad-Hoc|x86.Build.0 = Debug|Any CPU
		{F41F6B93-C1A3-4B1E-935A-535BB1C8E8CD}.AppStore|Any CPU.ActiveCfg = Debug|Any CPU
		{F41F6B93-C1A3-4B1E-935A-535BB1C8E8CD}.AppStore|Any CPU.Build.0 = Debug|Any CPU
		{F41F6B93-C1A3-4B1E-935A-535BB1C8E8CD}.AppStore|ARM.ActiveCfg = Debug|Any CPU
		{F41F6B93-C1A3-4B1E-935A-535BB1C8E8CD}.AppStore|ARM.Build.0 = Debug|Any CPU
		{F41F6B93-C1A3-4B1E-935A-535BB1C8E8CD}.AppStore|iPhone.ActiveCfg = Debug|Any CPU
		{F41F6B93-C1A3-4B1E-935A-535BB1C8E8CD}.AppStore|iPhone.Build.0 = Debug|Any CPU
		{F41F6B93-C1A3-4B1E-935A-535BB1C8E8CD}.AppStore|iPhoneSimulator.ActiveCfg = Debug|Any CPU
		{F41F6B93-C1A3-4B1E-935A-535BB1C8E8CD}.AppStore|iPhoneSimulator.Build.0 = Debug|Any CPU
		{F41F6B93-C1A3-4B1E-935A-535BB1C8E8CD}.AppStore|x64.ActiveCfg = Debug|Any CPU
		{F41F6B93-C1A3-4B1E-935A-535BB1C8E8CD}.AppStore|x64.Build.0 = Debug|Any CPU
		{F41F6B93-C1A3-4B1E-935A-535BB1C8E8CD}.AppStore|x86.ActiveCfg = Debug|Any CPU
		{F41F6B93-C1A3-4B1E-935A-535BB1C8E8CD}.AppStore|x86.Build.0 = Debug|Any CPU
		{F41F6B93-C1A3-4B1E-935A-535BB1C8E8CD}.Debug|Any CPU.ActiveCfg = Debug|Any CPU
		{F41F6B93-C1A3-4B1E-935A-535BB1C8E8CD}.Debug|Any CPU.Build.0 = Debug|Any CPU
		{F41F6B93-C1A3-4B1E-935A-535BB1C8E8CD}.Debug|ARM.ActiveCfg = Debug|Any CPU
		{F41F6B93-C1A3-4B1E-935A-535BB1C8E8CD}.Debug|ARM.Build.0 = Debug|Any CPU
		{F41F6B93-C1A3-4B1E-935A-535BB1C8E8CD}.Debug|iPhone.ActiveCfg = Debug|Any CPU
		{F41F6B93-C1A3-4B1E-935A-535BB1C8E8CD}.Debug|iPhone.Build.0 = Debug|Any CPU
		{F41F6B93-C1A3-4B1E-935A-535BB1C8E8CD}.Debug|iPhoneSimulator.ActiveCfg = Debug|Any CPU
		{F41F6B93-C1A3-4B1E-935A-535BB1C8E8CD}.Debug|iPhoneSimulator.Build.0 = Debug|Any CPU
		{F41F6B93-C1A3-4B1E-935A-535BB1C8E8CD}.Debug|x64.ActiveCfg = Debug|Any CPU
		{F41F6B93-C1A3-4B1E-935A-535BB1C8E8CD}.Debug|x64.Build.0 = Debug|Any CPU
		{F41F6B93-C1A3-4B1E-935A-535BB1C8E8CD}.Debug|x86.ActiveCfg = Debug|Any CPU
		{F41F6B93-C1A3-4B1E-935A-535BB1C8E8CD}.Debug|x86.Build.0 = Debug|Any CPU
		{F41F6B93-C1A3-4B1E-935A-535BB1C8E8CD}.Release|Any CPU.ActiveCfg = Release|Any CPU
		{F41F6B93-C1A3-4B1E-935A-535BB1C8E8CD}.Release|Any CPU.Build.0 = Release|Any CPU
		{F41F6B93-C1A3-4B1E-935A-535BB1C8E8CD}.Release|ARM.ActiveCfg = Release|Any CPU
		{F41F6B93-C1A3-4B1E-935A-535BB1C8E8CD}.Release|ARM.Build.0 = Release|Any CPU
		{F41F6B93-C1A3-4B1E-935A-535BB1C8E8CD}.Release|iPhone.ActiveCfg = Release|Any CPU
		{F41F6B93-C1A3-4B1E-935A-535BB1C8E8CD}.Release|iPhone.Build.0 = Release|Any CPU
		{F41F6B93-C1A3-4B1E-935A-535BB1C8E8CD}.Release|iPhoneSimulator.ActiveCfg = Release|Any CPU
		{F41F6B93-C1A3-4B1E-935A-535BB1C8E8CD}.Release|iPhoneSimulator.Build.0 = Release|Any CPU
		{F41F6B93-C1A3-4B1E-935A-535BB1C8E8CD}.Release|x64.ActiveCfg = Release|Any CPU
		{F41F6B93-C1A3-4B1E-935A-535BB1C8E8CD}.Release|x64.Build.0 = Release|Any CPU
		{F41F6B93-C1A3-4B1E-935A-535BB1C8E8CD}.Release|x86.ActiveCfg = Release|Any CPU
		{F41F6B93-C1A3-4B1E-935A-535BB1C8E8CD}.Release|x86.Build.0 = Release|Any CPU
		{38A67D09-C84A-4853-9576-C227E7E23F70}.Ad-Hoc|Any CPU.ActiveCfg = Debug|Any CPU
		{38A67D09-C84A-4853-9576-C227E7E23F70}.Ad-Hoc|Any CPU.Build.0 = Debug|Any CPU
		{38A67D09-C84A-4853-9576-C227E7E23F70}.Ad-Hoc|ARM.ActiveCfg = Debug|Any CPU
		{38A67D09-C84A-4853-9576-C227E7E23F70}.Ad-Hoc|ARM.Build.0 = Debug|Any CPU
		{38A67D09-C84A-4853-9576-C227E7E23F70}.Ad-Hoc|iPhone.ActiveCfg = Debug|Any CPU
		{38A67D09-C84A-4853-9576-C227E7E23F70}.Ad-Hoc|iPhone.Build.0 = Debug|Any CPU
		{38A67D09-C84A-4853-9576-C227E7E23F70}.Ad-Hoc|iPhoneSimulator.ActiveCfg = Debug|Any CPU
		{38A67D09-C84A-4853-9576-C227E7E23F70}.Ad-Hoc|iPhoneSimulator.Build.0 = Debug|Any CPU
		{38A67D09-C84A-4853-9576-C227E7E23F70}.Ad-Hoc|x64.ActiveCfg = Debug|Any CPU
		{38A67D09-C84A-4853-9576-C227E7E23F70}.Ad-Hoc|x64.Build.0 = Debug|Any CPU
		{38A67D09-C84A-4853-9576-C227E7E23F70}.Ad-Hoc|x86.ActiveCfg = Debug|Any CPU
		{38A67D09-C84A-4853-9576-C227E7E23F70}.Ad-Hoc|x86.Build.0 = Debug|Any CPU
		{38A67D09-C84A-4853-9576-C227E7E23F70}.AppStore|Any CPU.ActiveCfg = Debug|Any CPU
		{38A67D09-C84A-4853-9576-C227E7E23F70}.AppStore|Any CPU.Build.0 = Debug|Any CPU
		{38A67D09-C84A-4853-9576-C227E7E23F70}.AppStore|ARM.ActiveCfg = Debug|Any CPU
		{38A67D09-C84A-4853-9576-C227E7E23F70}.AppStore|ARM.Build.0 = Debug|Any CPU
		{38A67D09-C84A-4853-9576-C227E7E23F70}.AppStore|iPhone.ActiveCfg = Debug|Any CPU
		{38A67D09-C84A-4853-9576-C227E7E23F70}.AppStore|iPhone.Build.0 = Debug|Any CPU
		{38A67D09-C84A-4853-9576-C227E7E23F70}.AppStore|iPhoneSimulator.ActiveCfg = Debug|Any CPU
		{38A67D09-C84A-4853-9576-C227E7E23F70}.AppStore|iPhoneSimulator.Build.0 = Debug|Any CPU
		{38A67D09-C84A-4853-9576-C227E7E23F70}.AppStore|x64.ActiveCfg = Debug|Any CPU
		{38A67D09-C84A-4853-9576-C227E7E23F70}.AppStore|x64.Build.0 = Debug|Any CPU
		{38A67D09-C84A-4853-9576-C227E7E23F70}.AppStore|x86.ActiveCfg = Debug|Any CPU
		{38A67D09-C84A-4853-9576-C227E7E23F70}.AppStore|x86.Build.0 = Debug|Any CPU
		{38A67D09-C84A-4853-9576-C227E7E23F70}.Debug|Any CPU.ActiveCfg = Debug|Any CPU
		{38A67D09-C84A-4853-9576-C227E7E23F70}.Debug|Any CPU.Build.0 = Debug|Any CPU
		{38A67D09-C84A-4853-9576-C227E7E23F70}.Debug|ARM.ActiveCfg = Debug|Any CPU
		{38A67D09-C84A-4853-9576-C227E7E23F70}.Debug|ARM.Build.0 = Debug|Any CPU
		{38A67D09-C84A-4853-9576-C227E7E23F70}.Debug|iPhone.ActiveCfg = Debug|Any CPU
		{38A67D09-C84A-4853-9576-C227E7E23F70}.Debug|iPhone.Build.0 = Debug|Any CPU
		{38A67D09-C84A-4853-9576-C227E7E23F70}.Debug|iPhoneSimulator.ActiveCfg = Debug|Any CPU
		{38A67D09-C84A-4853-9576-C227E7E23F70}.Debug|iPhoneSimulator.Build.0 = Debug|Any CPU
		{38A67D09-C84A-4853-9576-C227E7E23F70}.Debug|x64.ActiveCfg = Debug|Any CPU
		{38A67D09-C84A-4853-9576-C227E7E23F70}.Debug|x64.Build.0 = Debug|Any CPU
		{38A67D09-C84A-4853-9576-C227E7E23F70}.Debug|x86.ActiveCfg = Debug|Any CPU
		{38A67D09-C84A-4853-9576-C227E7E23F70}.Debug|x86.Build.0 = Debug|Any CPU
		{38A67D09-C84A-4853-9576-C227E7E23F70}.Release|Any CPU.ActiveCfg = Release|Any CPU
		{38A67D09-C84A-4853-9576-C227E7E23F70}.Release|Any CPU.Build.0 = Release|Any CPU
		{38A67D09-C84A-4853-9576-C227E7E23F70}.Release|ARM.ActiveCfg = Release|Any CPU
		{38A67D09-C84A-4853-9576-C227E7E23F70}.Release|ARM.Build.0 = Release|Any CPU
		{38A67D09-C84A-4853-9576-C227E7E23F70}.Release|iPhone.ActiveCfg = Release|Any CPU
		{38A67D09-C84A-4853-9576-C227E7E23F70}.Release|iPhone.Build.0 = Release|Any CPU
		{38A67D09-C84A-4853-9576-C227E7E23F70}.Release|iPhoneSimulator.ActiveCfg = Release|Any CPU
		{38A67D09-C84A-4853-9576-C227E7E23F70}.Release|iPhoneSimulator.Build.0 = Release|Any CPU
		{38A67D09-C84A-4853-9576-C227E7E23F70}.Release|x64.ActiveCfg = Release|Any CPU
		{38A67D09-C84A-4853-9576-C227E7E23F70}.Release|x64.Build.0 = Release|Any CPU
		{38A67D09-C84A-4853-9576-C227E7E23F70}.Release|x86.ActiveCfg = Release|Any CPU
		{38A67D09-C84A-4853-9576-C227E7E23F70}.Release|x86.Build.0 = Release|Any CPU
		{CB9E1707-990A-406B-AAD1-96900970CEE0}.Ad-Hoc|Any CPU.ActiveCfg = Debug|Any CPU
		{CB9E1707-990A-406B-AAD1-96900970CEE0}.Ad-Hoc|Any CPU.Build.0 = Debug|Any CPU
		{CB9E1707-990A-406B-AAD1-96900970CEE0}.Ad-Hoc|ARM.ActiveCfg = Debug|Any CPU
		{CB9E1707-990A-406B-AAD1-96900970CEE0}.Ad-Hoc|ARM.Build.0 = Debug|Any CPU
		{CB9E1707-990A-406B-AAD1-96900970CEE0}.Ad-Hoc|iPhone.ActiveCfg = Debug|Any CPU
		{CB9E1707-990A-406B-AAD1-96900970CEE0}.Ad-Hoc|iPhone.Build.0 = Debug|Any CPU
		{CB9E1707-990A-406B-AAD1-96900970CEE0}.Ad-Hoc|iPhoneSimulator.ActiveCfg = Debug|Any CPU
		{CB9E1707-990A-406B-AAD1-96900970CEE0}.Ad-Hoc|iPhoneSimulator.Build.0 = Debug|Any CPU
		{CB9E1707-990A-406B-AAD1-96900970CEE0}.Ad-Hoc|x64.ActiveCfg = Debug|Any CPU
		{CB9E1707-990A-406B-AAD1-96900970CEE0}.Ad-Hoc|x64.Build.0 = Debug|Any CPU
		{CB9E1707-990A-406B-AAD1-96900970CEE0}.Ad-Hoc|x86.ActiveCfg = Debug|Any CPU
		{CB9E1707-990A-406B-AAD1-96900970CEE0}.Ad-Hoc|x86.Build.0 = Debug|Any CPU
		{CB9E1707-990A-406B-AAD1-96900970CEE0}.AppStore|Any CPU.ActiveCfg = Debug|Any CPU
		{CB9E1707-990A-406B-AAD1-96900970CEE0}.AppStore|Any CPU.Build.0 = Debug|Any CPU
		{CB9E1707-990A-406B-AAD1-96900970CEE0}.AppStore|ARM.ActiveCfg = Debug|Any CPU
		{CB9E1707-990A-406B-AAD1-96900970CEE0}.AppStore|ARM.Build.0 = Debug|Any CPU
		{CB9E1707-990A-406B-AAD1-96900970CEE0}.AppStore|iPhone.ActiveCfg = Debug|Any CPU
		{CB9E1707-990A-406B-AAD1-96900970CEE0}.AppStore|iPhone.Build.0 = Debug|Any CPU
		{CB9E1707-990A-406B-AAD1-96900970CEE0}.AppStore|iPhoneSimulator.ActiveCfg = Debug|Any CPU
		{CB9E1707-990A-406B-AAD1-96900970CEE0}.AppStore|iPhoneSimulator.Build.0 = Debug|Any CPU
		{CB9E1707-990A-406B-AAD1-96900970CEE0}.AppStore|x64.ActiveCfg = Debug|Any CPU
		{CB9E1707-990A-406B-AAD1-96900970CEE0}.AppStore|x64.Build.0 = Debug|Any CPU
		{CB9E1707-990A-406B-AAD1-96900970CEE0}.AppStore|x86.ActiveCfg = Debug|Any CPU
		{CB9E1707-990A-406B-AAD1-96900970CEE0}.AppStore|x86.Build.0 = Debug|Any CPU
		{CB9E1707-990A-406B-AAD1-96900970CEE0}.Debug|Any CPU.ActiveCfg = Debug|Any CPU
		{CB9E1707-990A-406B-AAD1-96900970CEE0}.Debug|Any CPU.Build.0 = Debug|Any CPU
		{CB9E1707-990A-406B-AAD1-96900970CEE0}.Debug|ARM.ActiveCfg = Debug|Any CPU
		{CB9E1707-990A-406B-AAD1-96900970CEE0}.Debug|ARM.Build.0 = Debug|Any CPU
		{CB9E1707-990A-406B-AAD1-96900970CEE0}.Debug|iPhone.ActiveCfg = Debug|Any CPU
		{CB9E1707-990A-406B-AAD1-96900970CEE0}.Debug|iPhone.Build.0 = Debug|Any CPU
		{CB9E1707-990A-406B-AAD1-96900970CEE0}.Debug|iPhoneSimulator.ActiveCfg = Debug|Any CPU
		{CB9E1707-990A-406B-AAD1-96900970CEE0}.Debug|iPhoneSimulator.Build.0 = Debug|Any CPU
		{CB9E1707-990A-406B-AAD1-96900970CEE0}.Debug|x64.ActiveCfg = Debug|Any CPU
		{CB9E1707-990A-406B-AAD1-96900970CEE0}.Debug|x64.Build.0 = Debug|Any CPU
		{CB9E1707-990A-406B-AAD1-96900970CEE0}.Debug|x86.ActiveCfg = Debug|Any CPU
		{CB9E1707-990A-406B-AAD1-96900970CEE0}.Debug|x86.Build.0 = Debug|Any CPU
		{CB9E1707-990A-406B-AAD1-96900970CEE0}.Release|Any CPU.ActiveCfg = Release|Any CPU
		{CB9E1707-990A-406B-AAD1-96900970CEE0}.Release|Any CPU.Build.0 = Release|Any CPU
		{CB9E1707-990A-406B-AAD1-96900970CEE0}.Release|ARM.ActiveCfg = Release|Any CPU
		{CB9E1707-990A-406B-AAD1-96900970CEE0}.Release|ARM.Build.0 = Release|Any CPU
		{CB9E1707-990A-406B-AAD1-96900970CEE0}.Release|iPhone.ActiveCfg = Release|Any CPU
		{CB9E1707-990A-406B-AAD1-96900970CEE0}.Release|iPhone.Build.0 = Release|Any CPU
		{CB9E1707-990A-406B-AAD1-96900970CEE0}.Release|iPhoneSimulator.ActiveCfg = Release|Any CPU
		{CB9E1707-990A-406B-AAD1-96900970CEE0}.Release|iPhoneSimulator.Build.0 = Release|Any CPU
		{CB9E1707-990A-406B-AAD1-96900970CEE0}.Release|x64.ActiveCfg = Release|Any CPU
		{CB9E1707-990A-406B-AAD1-96900970CEE0}.Release|x64.Build.0 = Release|Any CPU
		{CB9E1707-990A-406B-AAD1-96900970CEE0}.Release|x86.ActiveCfg = Release|Any CPU
		{CB9E1707-990A-406B-AAD1-96900970CEE0}.Release|x86.Build.0 = Release|Any CPU
	EndGlobalSection
	GlobalSection(SolutionProperties) = preSolution
		HideSolutionNode = FALSE
	EndGlobalSection
	GlobalSection(NestedProjects) = preSolution
		{1D646653-7F89-4FBF-9CD1-10B74C1D0D47} = {B72CE946-C674-48E1-834B-DE86D9BD32F8}
		{92C76089-F2B9-4F8F-9A99-775179C08A85} = {B72CE946-C674-48E1-834B-DE86D9BD32F8}
		{4EDC963F-96C7-4FD9-ACD7-0D33D122FBFD} = {01E0DF5A-E50C-461B-9B00-22ACACD17490}
		{57C873C6-341C-4EEE-8C6B-CCEAD0F5D0D3} = {01E0DF5A-E50C-461B-9B00-22ACACD17490}
		{D852B87D-122D-49FC-A74F-EB1CE1F1F5CD} = {B72CE946-C674-48E1-834B-DE86D9BD32F8}
		{275AC49C-1043-4022-A4FB-0A01158B3E45} = {B72CE946-C674-48E1-834B-DE86D9BD32F8}
		{F41F6B93-C1A3-4B1E-935A-535BB1C8E8CD} = {01E0DF5A-E50C-461B-9B00-22ACACD17490}
		{38A67D09-C84A-4853-9576-C227E7E23F70} = {01E0DF5A-E50C-461B-9B00-22ACACD17490}
		{CB9E1707-990A-406B-AAD1-96900970CEE0} = {0D7C181D-610C-481C-B099-250ABE1147F6}
	EndGlobalSection
	GlobalSection(ExtensibilityGlobals) = postSolution
		SolutionGuid = {AB335EC5-6DCA-4C5A-A32E-99AE673605C5}
	EndGlobalSection
EndGlobal
